// !$*UTF8*$!
{
	archiveVersion = 1;
	classes = {
	};
	objectVersion = 50;
	objects = {

/* Begin PBXBuildFile section */
		9D9D1533212EB3920081445E /* AppDelegate.m in Sources */ = {isa = PBXBuildFile; fileRef = 9D9D1532212EB3920081445E /* AppDelegate.m */; };
		9D9D1539212EB3920081445E /* Main.storyboard in Resources */ = {isa = PBXBuildFile; fileRef = 9D9D1537212EB3920081445E /* Main.storyboard */; };
		9D9D153B212EB3940081445E /* Assets.xcassets in Resources */ = {isa = PBXBuildFile; fileRef = 9D9D153A212EB3940081445E /* Assets.xcassets */; };
		9D9D153E212EB3940081445E /* LaunchScreen.storyboard in Resources */ = {isa = PBXBuildFile; fileRef = 9D9D153C212EB3940081445E /* LaunchScreen.storyboard */; };
		9D9D1541212EB3940081445E /* main.m in Sources */ = {isa = PBXBuildFile; fileRef = 9D9D1540212EB3940081445E /* main.m */; };
		9D9D1561212EB4080081445E /* iAd.framework in Frameworks */ = {isa = PBXBuildFile; fileRef = 9D9D1560212EB4080081445E /* iAd.framework */; };
		9D9D1563212EB40D0081445E /* AdSupport.framework in Frameworks */ = {isa = PBXBuildFile; fileRef = 9D9D1562212EB40D0081445E /* AdSupport.framework */; };
		9D9D1565212EB4130081445E /* WebKit.framework in Frameworks */ = {isa = PBXBuildFile; fileRef = 9D9D1564212EB4130081445E /* WebKit.framework */; };
		9D9D15E3212EB47C0081445E /* AdjustExample-FbPixel.html in Resources */ = {isa = PBXBuildFile; fileRef = 9D9D15E2212EB47C0081445E /* AdjustExample-FbPixel.html */; };
		9D9D15E8212EB5230081445E /* UIWebViewController.m in Sources */ = {isa = PBXBuildFile; fileRef = 9D9D15E4212EB5230081445E /* UIWebViewController.m */; };
		9D9D15E9212EB5230081445E /* WKWebViewController.m in Sources */ = {isa = PBXBuildFile; fileRef = 9D9D15E6212EB5230081445E /* WKWebViewController.m */; };
		9DF382A3260E9E660033F5A1 /* ADJDeviceInfo.m in Sources */ = {isa = PBXBuildFile; fileRef = 9DF3824B260E9E650033F5A1 /* ADJDeviceInfo.m */; };
		9DF382A4260E9E660033F5A1 /* ADJTimerOnce.m in Sources */ = {isa = PBXBuildFile; fileRef = 9DF3824C260E9E650033F5A1 /* ADJTimerOnce.m */; };
		9DF382A5260E9E660033F5A1 /* ADJAttributionHandler.m in Sources */ = {isa = PBXBuildFile; fileRef = 9DF3824D260E9E650033F5A1 /* ADJAttributionHandler.m */; };
		9DF382A6260E9E660033F5A1 /* ADJRequestHandler.m in Sources */ = {isa = PBXBuildFile; fileRef = 9DF38250260E9E650033F5A1 /* ADJRequestHandler.m */; };
		9DF382A7260E9E660033F5A1 /* ADJKeychain.m in Sources */ = {isa = PBXBuildFile; fileRef = 9DF38254260E9E660033F5A1 /* ADJKeychain.m */; };
		9DF382A8260E9E660033F5A1 /* ADJSdkClickHandler.m in Sources */ = {isa = PBXBuildFile; fileRef = 9DF38255260E9E660033F5A1 /* ADJSdkClickHandler.m */; };
		9DF382A9260E9E660033F5A1 /* ADJEvent.m in Sources */ = {isa = PBXBuildFile; fileRef = 9DF38257260E9E660033F5A1 /* ADJEvent.m */; };
		9DF382AA260E9E660033F5A1 /* ADJSessionSuccess.m in Sources */ = {isa = PBXBuildFile; fileRef = 9DF3825C260E9E660033F5A1 /* ADJSessionSuccess.m */; };
		9DF382AB260E9E660033F5A1 /* ADJEventFailure.m in Sources */ = {isa = PBXBuildFile; fileRef = 9DF3825D260E9E660033F5A1 /* ADJEventFailure.m */; };
		9DF382AC260E9E660033F5A1 /* ADJEventSuccess.m in Sources */ = {isa = PBXBuildFile; fileRef = 9DF3826B260E9E660033F5A1 /* ADJEventSuccess.m */; };
		9DF382AD260E9E660033F5A1 /* ADJActivityState.m in Sources */ = {isa = PBXBuildFile; fileRef = 9DF3826C260E9E660033F5A1 /* ADJActivityState.m */; };
		9DF382AE260E9E660033F5A1 /* ADJSessionFailure.m in Sources */ = {isa = PBXBuildFile; fileRef = 9DF3826E260E9E660033F5A1 /* ADJSessionFailure.m */; };
		9DF382AF260E9E660033F5A1 /* ADJTimerCycle.m in Sources */ = {isa = PBXBuildFile; fileRef = 9DF38272260E9E660033F5A1 /* ADJTimerCycle.m */; };
		9DF382B0260E9E660033F5A1 /* ADJSessionParameters.m in Sources */ = {isa = PBXBuildFile; fileRef = 9DF38273260E9E660033F5A1 /* ADJSessionParameters.m */; };
		9DF382B1260E9E660033F5A1 /* ADJLogger.m in Sources */ = {isa = PBXBuildFile; fileRef = 9DF38274260E9E660033F5A1 /* ADJLogger.m */; };
		9DF382B2260E9E660033F5A1 /* ADJBackoffStrategy.m in Sources */ = {isa = PBXBuildFile; fileRef = 9DF38275260E9E660033F5A1 /* ADJBackoffStrategy.m */; };
		9DF382B3260E9E660033F5A1 /* Adjust.m in Sources */ = {isa = PBXBuildFile; fileRef = 9DF38277260E9E660033F5A1 /* Adjust.m */; };
		9DF382B4260E9E660033F5A1 /* ADJConfig.m in Sources */ = {isa = PBXBuildFile; fileRef = 9DF3827B260E9E660033F5A1 /* ADJConfig.m */; };
		9DF382B5260E9E660033F5A1 /* ADJPackageHandler.m in Sources */ = {isa = PBXBuildFile; fileRef = 9DF3827C260E9E660033F5A1 /* ADJPackageHandler.m */; };
		9DF382B6260E9E660033F5A1 /* ADJActivityKind.m in Sources */ = {isa = PBXBuildFile; fileRef = 9DF3827F260E9E660033F5A1 /* ADJActivityKind.m */; };
		9DF382B7260E9E660033F5A1 /* NSString+ADJAdditions.m in Sources */ = {isa = PBXBuildFile; fileRef = 9DF38283260E9E660033F5A1 /* NSString+ADJAdditions.m */; };
		9DF382B8260E9E660033F5A1 /* NSData+ADJAdditions.m in Sources */ = {isa = PBXBuildFile; fileRef = 9DF38285260E9E660033F5A1 /* NSData+ADJAdditions.m */; };
		9DF382B9260E9E660033F5A1 /* NSNumber+ADJAdditions.m in Sources */ = {isa = PBXBuildFile; fileRef = 9DF38286260E9E660033F5A1 /* NSNumber+ADJAdditions.m */; };
		9DF382BA260E9E660033F5A1 /* UIDevice+ADJAdditions.m in Sources */ = {isa = PBXBuildFile; fileRef = 9DF38288260E9E660033F5A1 /* UIDevice+ADJAdditions.m */; };
		9DF382BB260E9E660033F5A1 /* ADJAttribution.m in Sources */ = {isa = PBXBuildFile; fileRef = 9DF3828A260E9E660033F5A1 /* ADJAttribution.m */; };
		9DF382BC260E9E660033F5A1 /* ADJThirdPartySharing.m in Sources */ = {isa = PBXBuildFile; fileRef = 9DF3828B260E9E660033F5A1 /* ADJThirdPartySharing.m */; };
		9DF382BD260E9E660033F5A1 /* ADJSystemProfile.m in Sources */ = {isa = PBXBuildFile; fileRef = 9DF3828C260E9E660033F5A1 /* ADJSystemProfile.m */; };
		9DF382BE260E9E660033F5A1 /* ADJActivityPackage.m in Sources */ = {isa = PBXBuildFile; fileRef = 9DF3828E260E9E660033F5A1 /* ADJActivityPackage.m */; };
		9DF382BF260E9E660033F5A1 /* ADJUtil.m in Sources */ = {isa = PBXBuildFile; fileRef = 9DF3828F260E9E660033F5A1 /* ADJUtil.m */; };
		9DF382C0260E9E660033F5A1 /* ADJUrlStrategy.m in Sources */ = {isa = PBXBuildFile; fileRef = 9DF38290260E9E660033F5A1 /* ADJUrlStrategy.m */; };
		9DF382C1260E9E660033F5A1 /* ADJAdjustFactory.m in Sources */ = {isa = PBXBuildFile; fileRef = 9DF38293260E9E660033F5A1 /* ADJAdjustFactory.m */; };
		9DF382C2260E9E660033F5A1 /* ADJResponseData.m in Sources */ = {isa = PBXBuildFile; fileRef = 9DF38297260E9E660033F5A1 /* ADJResponseData.m */; };
		9DF382C3260E9E660033F5A1 /* ADJPackageBuilder.m in Sources */ = {isa = PBXBuildFile; fileRef = 9DF38299260E9E660033F5A1 /* ADJPackageBuilder.m */; };
		9DF382C4260E9E660033F5A1 /* ADJSubscription.m in Sources */ = {isa = PBXBuildFile; fileRef = 9DF3829A260E9E660033F5A1 /* ADJSubscription.m */; };
		9DF382C5260E9E660033F5A1 /* ADJUserDefaults.m in Sources */ = {isa = PBXBuildFile; fileRef = 9DF3829B260E9E660033F5A1 /* ADJUserDefaults.m */; };
		9DF382C7260E9E660033F5A1 /* ADJActivityHandler.m in Sources */ = {isa = PBXBuildFile; fileRef = 9DF382A1260E9E660033F5A1 /* ADJActivityHandler.m */; };
		9DF382C8260E9E660033F5A1 /* ADJReachability.m in Sources */ = {isa = PBXBuildFile; fileRef = 9DF382A2260E9E660033F5A1 /* ADJReachability.m */; };
		9DF38335260E9EB50033F5A1 /* AdjustBridge.m in Sources */ = {isa = PBXBuildFile; fileRef = 9DF382CC260E9EB40033F5A1 /* AdjustBridge.m */; };
		9DF38336260E9EB50033F5A1 /* ADJDeviceInfo.m in Sources */ = {isa = PBXBuildFile; fileRef = 9DF382CF260E9EB40033F5A1 /* ADJDeviceInfo.m */; };
		9DF38337260E9EB50033F5A1 /* ADJTimerOnce.m in Sources */ = {isa = PBXBuildFile; fileRef = 9DF382D0260E9EB40033F5A1 /* ADJTimerOnce.m */; };
		9DF38338260E9EB50033F5A1 /* ADJAttributionHandler.m in Sources */ = {isa = PBXBuildFile; fileRef = 9DF382D1260E9EB40033F5A1 /* ADJAttributionHandler.m */; };
		9DF38339260E9EB50033F5A1 /* ADJRequestHandler.m in Sources */ = {isa = PBXBuildFile; fileRef = 9DF382D4260E9EB40033F5A1 /* ADJRequestHandler.m */; };
		9DF3833B260E9EB50033F5A1 /* ADJSdkClickHandler.m in Sources */ = {isa = PBXBuildFile; fileRef = 9DF382D9260E9EB40033F5A1 /* ADJSdkClickHandler.m */; };
		9DF3833C260E9EB50033F5A1 /* ADJEvent.m in Sources */ = {isa = PBXBuildFile; fileRef = 9DF382DB260E9EB40033F5A1 /* ADJEvent.m */; };
		9DF3833D260E9EB50033F5A1 /* ADJSessionSuccess.m in Sources */ = {isa = PBXBuildFile; fileRef = 9DF382E0260E9EB40033F5A1 /* ADJSessionSuccess.m */; };
		9DF3833E260E9EB50033F5A1 /* ADJEventFailure.m in Sources */ = {isa = PBXBuildFile; fileRef = 9DF382E1260E9EB40033F5A1 /* ADJEventFailure.m */; };
		9DF3833F260E9EB50033F5A1 /* ADJEventSuccess.m in Sources */ = {isa = PBXBuildFile; fileRef = 9DF382EF260E9EB40033F5A1 /* ADJEventSuccess.m */; };
		9DF38340260E9EB50033F5A1 /* ADJActivityState.m in Sources */ = {isa = PBXBuildFile; fileRef = 9DF382F0260E9EB40033F5A1 /* ADJActivityState.m */; };
		9DF38341260E9EB50033F5A1 /* ADJSessionFailure.m in Sources */ = {isa = PBXBuildFile; fileRef = 9DF382F2260E9EB40033F5A1 /* ADJSessionFailure.m */; };
		9DF38342260E9EB50033F5A1 /* ADJTimerCycle.m in Sources */ = {isa = PBXBuildFile; fileRef = 9DF382F6260E9EB40033F5A1 /* ADJTimerCycle.m */; };
		9DF38343260E9EB50033F5A1 /* ADJSessionParameters.m in Sources */ = {isa = PBXBuildFile; fileRef = 9DF382F7260E9EB40033F5A1 /* ADJSessionParameters.m */; };
		9DF38344260E9EB50033F5A1 /* ADJLogger.m in Sources */ = {isa = PBXBuildFile; fileRef = 9DF382F8260E9EB40033F5A1 /* ADJLogger.m */; };
		9DF38345260E9EB50033F5A1 /* ADJBackoffStrategy.m in Sources */ = {isa = PBXBuildFile; fileRef = 9DF382F9260E9EB40033F5A1 /* ADJBackoffStrategy.m */; };
		9DF38346260E9EB50033F5A1 /* Adjust.m in Sources */ = {isa = PBXBuildFile; fileRef = 9DF382FB260E9EB40033F5A1 /* Adjust.m */; };
		9DF38347260E9EB50033F5A1 /* ADJConfig.m in Sources */ = {isa = PBXBuildFile; fileRef = 9DF382FF260E9EB40033F5A1 /* ADJConfig.m */; };
		9DF38348260E9EB50033F5A1 /* ADJPackageHandler.m in Sources */ = {isa = PBXBuildFile; fileRef = 9DF38300260E9EB40033F5A1 /* ADJPackageHandler.m */; };
		9DF38349260E9EB50033F5A1 /* ADJActivityKind.m in Sources */ = {isa = PBXBuildFile; fileRef = 9DF38303260E9EB40033F5A1 /* ADJActivityKind.m */; };
		9DF3834A260E9EB50033F5A1 /* NSString+ADJAdditions.m in Sources */ = {isa = PBXBuildFile; fileRef = 9DF38307260E9EB40033F5A1 /* NSString+ADJAdditions.m */; };
		9DF3834B260E9EB50033F5A1 /* NSData+ADJAdditions.m in Sources */ = {isa = PBXBuildFile; fileRef = 9DF38309260E9EB40033F5A1 /* NSData+ADJAdditions.m */; };
		9DF3834C260E9EB50033F5A1 /* NSNumber+ADJAdditions.m in Sources */ = {isa = PBXBuildFile; fileRef = 9DF3830A260E9EB40033F5A1 /* NSNumber+ADJAdditions.m */; };
		9DF3834D260E9EB50033F5A1 /* UIDevice+ADJAdditions.m in Sources */ = {isa = PBXBuildFile; fileRef = 9DF3830C260E9EB40033F5A1 /* UIDevice+ADJAdditions.m */; };
		9DF3834E260E9EB50033F5A1 /* ADJAttribution.m in Sources */ = {isa = PBXBuildFile; fileRef = 9DF3830E260E9EB40033F5A1 /* ADJAttribution.m */; };
		9DF3834F260E9EB50033F5A1 /* ADJThirdPartySharing.m in Sources */ = {isa = PBXBuildFile; fileRef = 9DF3830F260E9EB40033F5A1 /* ADJThirdPartySharing.m */; };
		9DF38350260E9EB50033F5A1 /* ADJSystemProfile.m in Sources */ = {isa = PBXBuildFile; fileRef = 9DF38310260E9EB40033F5A1 /* ADJSystemProfile.m */; };
		9DF38351260E9EB50033F5A1 /* ADJActivityPackage.m in Sources */ = {isa = PBXBuildFile; fileRef = 9DF38312260E9EB40033F5A1 /* ADJActivityPackage.m */; };
		9DF38352260E9EB50033F5A1 /* ADJUtil.m in Sources */ = {isa = PBXBuildFile; fileRef = 9DF38313260E9EB40033F5A1 /* ADJUtil.m */; };
		9DF38353260E9EB50033F5A1 /* ADJUrlStrategy.m in Sources */ = {isa = PBXBuildFile; fileRef = 9DF38314260E9EB40033F5A1 /* ADJUrlStrategy.m */; };
		9DF38354260E9EB50033F5A1 /* ADJAdjustFactory.m in Sources */ = {isa = PBXBuildFile; fileRef = 9DF38317260E9EB40033F5A1 /* ADJAdjustFactory.m */; };
		9DF38355260E9EB50033F5A1 /* ADJResponseData.m in Sources */ = {isa = PBXBuildFile; fileRef = 9DF3831A260E9EB40033F5A1 /* ADJResponseData.m */; };
		9DF38356260E9EB50033F5A1 /* ADJPackageBuilder.m in Sources */ = {isa = PBXBuildFile; fileRef = 9DF3831C260E9EB40033F5A1 /* ADJPackageBuilder.m */; };
		9DF38357260E9EB50033F5A1 /* ADJSubscription.m in Sources */ = {isa = PBXBuildFile; fileRef = 9DF3831D260E9EB40033F5A1 /* ADJSubscription.m */; };
		9DF38358260E9EB50033F5A1 /* ADJUserDefaults.m in Sources */ = {isa = PBXBuildFile; fileRef = 9DF3831E260E9EB40033F5A1 /* ADJUserDefaults.m */; };
		9DF38359260E9EB50033F5A1 /* Info.plist in Resources */ = {isa = PBXBuildFile; fileRef = 9DF38322260E9EB40033F5A1 /* Info.plist */; };
		9DF3835A260E9EB50033F5A1 /* ADJActivityHandler.m in Sources */ = {isa = PBXBuildFile; fileRef = 9DF38324260E9EB50033F5A1 /* ADJActivityHandler.m */; };
		9DF3835B260E9EB50033F5A1 /* ADJReachability.m in Sources */ = {isa = PBXBuildFile; fileRef = 9DF38325260E9EB50033F5A1 /* ADJReachability.m */; };
		9DF3835C260E9EB50033F5A1 /* WebViewJavascriptBridgeBase.m in Sources */ = {isa = PBXBuildFile; fileRef = 9DF38328260E9EB50033F5A1 /* WebViewJavascriptBridgeBase.m */; };
		9DF3835D260E9EB50033F5A1 /* WKWebViewJavascriptBridge.m in Sources */ = {isa = PBXBuildFile; fileRef = 9DF38329260E9EB50033F5A1 /* WKWebViewJavascriptBridge.m */; };
		9DF3835E260E9EB50033F5A1 /* WebViewJavascriptBridge_JS.m in Sources */ = {isa = PBXBuildFile; fileRef = 9DF3832C260E9EB50033F5A1 /* WebViewJavascriptBridge_JS.m */; };
		9DF3835F260E9EB50033F5A1 /* AdjustBridgeRegister.m in Sources */ = {isa = PBXBuildFile; fileRef = 9DF38334260E9EB50033F5A1 /* AdjustBridgeRegister.m */; };
/* End PBXBuildFile section */

/* Begin PBXFileReference section */
		9D9D152E212EB3920081445E /* AdjustExample-FbPixel.app */ = {isa = PBXFileReference; explicitFileType = wrapper.application; includeInIndex = 0; path = "AdjustExample-FbPixel.app"; sourceTree = BUILT_PRODUCTS_DIR; };
		9D9D1531212EB3920081445E /* AppDelegate.h */ = {isa = PBXFileReference; lastKnownFileType = sourcecode.c.h; path = AppDelegate.h; sourceTree = "<group>"; };
		9D9D1532212EB3920081445E /* AppDelegate.m */ = {isa = PBXFileReference; lastKnownFileType = sourcecode.c.objc; path = AppDelegate.m; sourceTree = "<group>"; };
		9D9D1538212EB3920081445E /* Base */ = {isa = PBXFileReference; lastKnownFileType = file.storyboard; name = Base; path = Base.lproj/Main.storyboard; sourceTree = "<group>"; };
		9D9D153A212EB3940081445E /* Assets.xcassets */ = {isa = PBXFileReference; lastKnownFileType = folder.assetcatalog; path = Assets.xcassets; sourceTree = "<group>"; };
		9D9D153D212EB3940081445E /* Base */ = {isa = PBXFileReference; lastKnownFileType = file.storyboard; name = Base; path = Base.lproj/LaunchScreen.storyboard; sourceTree = "<group>"; };
		9D9D153F212EB3940081445E /* Info.plist */ = {isa = PBXFileReference; lastKnownFileType = text.plist.xml; path = Info.plist; sourceTree = "<group>"; };
		9D9D1540212EB3940081445E /* main.m */ = {isa = PBXFileReference; lastKnownFileType = sourcecode.c.objc; path = main.m; sourceTree = "<group>"; };
		9D9D1560212EB4080081445E /* iAd.framework */ = {isa = PBXFileReference; lastKnownFileType = wrapper.framework; name = iAd.framework; path = System/Library/Frameworks/iAd.framework; sourceTree = SDKROOT; };
		9D9D1562212EB40D0081445E /* AdSupport.framework */ = {isa = PBXFileReference; lastKnownFileType = wrapper.framework; name = AdSupport.framework; path = System/Library/Frameworks/AdSupport.framework; sourceTree = SDKROOT; };
		9D9D1564212EB4130081445E /* WebKit.framework */ = {isa = PBXFileReference; lastKnownFileType = wrapper.framework; name = WebKit.framework; path = System/Library/Frameworks/WebKit.framework; sourceTree = SDKROOT; };
		9D9D15E2212EB47C0081445E /* AdjustExample-FbPixel.html */ = {isa = PBXFileReference; fileEncoding = 4; lastKnownFileType = text.html; path = "AdjustExample-FbPixel.html"; sourceTree = "<group>"; };
		9D9D15E4212EB5230081445E /* UIWebViewController.m */ = {isa = PBXFileReference; fileEncoding = 4; lastKnownFileType = sourcecode.c.objc; path = UIWebViewController.m; sourceTree = "<group>"; };
		9D9D15E5212EB5230081445E /* UIWebViewController.h */ = {isa = PBXFileReference; fileEncoding = 4; lastKnownFileType = sourcecode.c.h; path = UIWebViewController.h; sourceTree = "<group>"; };
		9D9D15E6212EB5230081445E /* WKWebViewController.m */ = {isa = PBXFileReference; fileEncoding = 4; lastKnownFileType = sourcecode.c.objc; path = WKWebViewController.m; sourceTree = "<group>"; };
		9D9D15E7212EB5230081445E /* WKWebViewController.h */ = {isa = PBXFileReference; fileEncoding = 4; lastKnownFileType = sourcecode.c.h; path = WKWebViewController.h; sourceTree = "<group>"; };
		9DF3824A260E9E650033F5A1 /* ADJConfig.h */ = {isa = PBXFileReference; fileEncoding = 4; lastKnownFileType = sourcecode.c.h; path = ADJConfig.h; sourceTree = "<group>"; };
		9DF3824B260E9E650033F5A1 /* ADJDeviceInfo.m */ = {isa = PBXFileReference; fileEncoding = 4; lastKnownFileType = sourcecode.c.objc; path = ADJDeviceInfo.m; sourceTree = "<group>"; };
		9DF3824C260E9E650033F5A1 /* ADJTimerOnce.m */ = {isa = PBXFileReference; fileEncoding = 4; lastKnownFileType = sourcecode.c.objc; path = ADJTimerOnce.m; sourceTree = "<group>"; };
		9DF3824D260E9E650033F5A1 /* ADJAttributionHandler.m */ = {isa = PBXFileReference; fileEncoding = 4; lastKnownFileType = sourcecode.c.objc; path = ADJAttributionHandler.m; sourceTree = "<group>"; };
		9DF3824E260E9E650033F5A1 /* Adjust.h */ = {isa = PBXFileReference; fileEncoding = 4; lastKnownFileType = sourcecode.c.h; path = Adjust.h; sourceTree = "<group>"; };
		9DF3824F260E9E650033F5A1 /* ADJActivityPackage.h */ = {isa = PBXFileReference; fileEncoding = 4; lastKnownFileType = sourcecode.c.h; path = ADJActivityPackage.h; sourceTree = "<group>"; };
		9DF38250260E9E650033F5A1 /* ADJRequestHandler.m */ = {isa = PBXFileReference; fileEncoding = 4; lastKnownFileType = sourcecode.c.objc; path = ADJRequestHandler.m; sourceTree = "<group>"; };
		9DF38251260E9E650033F5A1 /* ADJSystemProfile.h */ = {isa = PBXFileReference; fileEncoding = 4; lastKnownFileType = sourcecode.c.h; path = ADJSystemProfile.h; sourceTree = "<group>"; };
		9DF38252260E9E650033F5A1 /* ADJThirdPartySharing.h */ = {isa = PBXFileReference; fileEncoding = 4; lastKnownFileType = sourcecode.c.h; path = ADJThirdPartySharing.h; sourceTree = "<group>"; };
		9DF38253260E9E660033F5A1 /* ADJAttribution.h */ = {isa = PBXFileReference; fileEncoding = 4; lastKnownFileType = sourcecode.c.h; path = ADJAttribution.h; sourceTree = "<group>"; };
		9DF38254260E9E660033F5A1 /* ADJKeychain.m */ = {isa = PBXFileReference; fileEncoding = 4; lastKnownFileType = sourcecode.c.objc; path = ADJKeychain.m; sourceTree = "<group>"; };
		9DF38255260E9E660033F5A1 /* ADJSdkClickHandler.m */ = {isa = PBXFileReference; fileEncoding = 4; lastKnownFileType = sourcecode.c.objc; path = ADJSdkClickHandler.m; sourceTree = "<group>"; };
		9DF38256260E9E660033F5A1 /* ADJActivityKind.h */ = {isa = PBXFileReference; fileEncoding = 4; lastKnownFileType = sourcecode.c.h; path = ADJActivityKind.h; sourceTree = "<group>"; };
		9DF38257260E9E660033F5A1 /* ADJEvent.m */ = {isa = PBXFileReference; fileEncoding = 4; lastKnownFileType = sourcecode.c.objc; path = ADJEvent.m; sourceTree = "<group>"; };
		9DF38258260E9E660033F5A1 /* ADJPackageHandler.h */ = {isa = PBXFileReference; fileEncoding = 4; lastKnownFileType = sourcecode.c.h; path = ADJPackageHandler.h; sourceTree = "<group>"; };
		9DF38259260E9E660033F5A1 /* ADJSubscription.h */ = {isa = PBXFileReference; fileEncoding = 4; lastKnownFileType = sourcecode.c.h; path = ADJSubscription.h; sourceTree = "<group>"; };
		9DF3825A260E9E660033F5A1 /* ADJPackageBuilder.h */ = {isa = PBXFileReference; fileEncoding = 4; lastKnownFileType = sourcecode.c.h; path = ADJPackageBuilder.h; sourceTree = "<group>"; };
		9DF3825B260E9E660033F5A1 /* ADJResponseData.h */ = {isa = PBXFileReference; fileEncoding = 4; lastKnownFileType = sourcecode.c.h; path = ADJResponseData.h; sourceTree = "<group>"; };
		9DF3825C260E9E660033F5A1 /* ADJSessionSuccess.m */ = {isa = PBXFileReference; fileEncoding = 4; lastKnownFileType = sourcecode.c.objc; path = ADJSessionSuccess.m; sourceTree = "<group>"; };
		9DF3825D260E9E660033F5A1 /* ADJEventFailure.m */ = {isa = PBXFileReference; fileEncoding = 4; lastKnownFileType = sourcecode.c.objc; path = ADJEventFailure.m; sourceTree = "<group>"; };
		9DF3825E260E9E660033F5A1 /* ADJAdjustFactory.h */ = {isa = PBXFileReference; fileEncoding = 4; lastKnownFileType = sourcecode.c.h; path = ADJAdjustFactory.h; sourceTree = "<group>"; };
		9DF3826B260E9E660033F5A1 /* ADJEventSuccess.m */ = {isa = PBXFileReference; fileEncoding = 4; lastKnownFileType = sourcecode.c.objc; path = ADJEventSuccess.m; sourceTree = "<group>"; };
		9DF3826C260E9E660033F5A1 /* ADJActivityState.m */ = {isa = PBXFileReference; fileEncoding = 4; lastKnownFileType = sourcecode.c.objc; path = ADJActivityState.m; sourceTree = "<group>"; };
		9DF3826D260E9E660033F5A1 /* ADJUrlStrategy.h */ = {isa = PBXFileReference; fileEncoding = 4; lastKnownFileType = sourcecode.c.h; path = ADJUrlStrategy.h; sourceTree = "<group>"; };
		9DF3826E260E9E660033F5A1 /* ADJSessionFailure.m */ = {isa = PBXFileReference; fileEncoding = 4; lastKnownFileType = sourcecode.c.objc; path = ADJSessionFailure.m; sourceTree = "<group>"; };
		9DF3826F260E9E660033F5A1 /* ADJUtil.h */ = {isa = PBXFileReference; fileEncoding = 4; lastKnownFileType = sourcecode.c.h; path = ADJUtil.h; sourceTree = "<group>"; };
		9DF38270260E9E660033F5A1 /* ADJReachability.h */ = {isa = PBXFileReference; fileEncoding = 4; lastKnownFileType = sourcecode.c.h; path = ADJReachability.h; sourceTree = "<group>"; };
		9DF38271260E9E660033F5A1 /* ADJActivityHandler.h */ = {isa = PBXFileReference; fileEncoding = 4; lastKnownFileType = sourcecode.c.h; path = ADJActivityHandler.h; sourceTree = "<group>"; };
		9DF38272260E9E660033F5A1 /* ADJTimerCycle.m */ = {isa = PBXFileReference; fileEncoding = 4; lastKnownFileType = sourcecode.c.objc; path = ADJTimerCycle.m; sourceTree = "<group>"; };
		9DF38273260E9E660033F5A1 /* ADJSessionParameters.m */ = {isa = PBXFileReference; fileEncoding = 4; lastKnownFileType = sourcecode.c.objc; path = ADJSessionParameters.m; sourceTree = "<group>"; };
		9DF38274260E9E660033F5A1 /* ADJLogger.m */ = {isa = PBXFileReference; fileEncoding = 4; lastKnownFileType = sourcecode.c.objc; path = ADJLogger.m; sourceTree = "<group>"; };
		9DF38275260E9E660033F5A1 /* ADJBackoffStrategy.m */ = {isa = PBXFileReference; fileEncoding = 4; lastKnownFileType = sourcecode.c.objc; path = ADJBackoffStrategy.m; sourceTree = "<group>"; };
		9DF38276260E9E660033F5A1 /* ADJUserDefaults.h */ = {isa = PBXFileReference; fileEncoding = 4; lastKnownFileType = sourcecode.c.h; path = ADJUserDefaults.h; sourceTree = "<group>"; };
		9DF38277260E9E660033F5A1 /* Adjust.m */ = {isa = PBXFileReference; fileEncoding = 4; lastKnownFileType = sourcecode.c.objc; path = Adjust.m; sourceTree = "<group>"; };
		9DF38278260E9E660033F5A1 /* ADJAttributionHandler.h */ = {isa = PBXFileReference; fileEncoding = 4; lastKnownFileType = sourcecode.c.h; path = ADJAttributionHandler.h; sourceTree = "<group>"; };
		9DF38279260E9E660033F5A1 /* ADJTimerOnce.h */ = {isa = PBXFileReference; fileEncoding = 4; lastKnownFileType = sourcecode.c.h; path = ADJTimerOnce.h; sourceTree = "<group>"; };
		9DF3827A260E9E660033F5A1 /* ADJDeviceInfo.h */ = {isa = PBXFileReference; fileEncoding = 4; lastKnownFileType = sourcecode.c.h; path = ADJDeviceInfo.h; sourceTree = "<group>"; };
		9DF3827B260E9E660033F5A1 /* ADJConfig.m */ = {isa = PBXFileReference; fileEncoding = 4; lastKnownFileType = sourcecode.c.objc; path = ADJConfig.m; sourceTree = "<group>"; };
		9DF3827C260E9E660033F5A1 /* ADJPackageHandler.m */ = {isa = PBXFileReference; fileEncoding = 4; lastKnownFileType = sourcecode.c.objc; path = ADJPackageHandler.m; sourceTree = "<group>"; };
		9DF3827D260E9E660033F5A1 /* ADJEvent.h */ = {isa = PBXFileReference; fileEncoding = 4; lastKnownFileType = sourcecode.c.h; path = ADJEvent.h; sourceTree = "<group>"; };
		9DF3827E260E9E660033F5A1 /* ADJSdkClickHandler.h */ = {isa = PBXFileReference; fileEncoding = 4; lastKnownFileType = sourcecode.c.h; path = ADJSdkClickHandler.h; sourceTree = "<group>"; };
		9DF3827F260E9E660033F5A1 /* ADJActivityKind.m */ = {isa = PBXFileReference; fileEncoding = 4; lastKnownFileType = sourcecode.c.objc; path = ADJActivityKind.m; sourceTree = "<group>"; };
		9DF38280260E9E660033F5A1 /* ADJKeychain.h */ = {isa = PBXFileReference; fileEncoding = 4; lastKnownFileType = sourcecode.c.h; path = ADJKeychain.h; sourceTree = "<group>"; };
		9DF38282260E9E660033F5A1 /* NSNumber+ADJAdditions.h */ = {isa = PBXFileReference; fileEncoding = 4; lastKnownFileType = sourcecode.c.h; path = "NSNumber+ADJAdditions.h"; sourceTree = "<group>"; };
		9DF38283260E9E660033F5A1 /* NSString+ADJAdditions.m */ = {isa = PBXFileReference; fileEncoding = 4; lastKnownFileType = sourcecode.c.objc; path = "NSString+ADJAdditions.m"; sourceTree = "<group>"; };
		9DF38284260E9E660033F5A1 /* UIDevice+ADJAdditions.h */ = {isa = PBXFileReference; fileEncoding = 4; lastKnownFileType = sourcecode.c.h; path = "UIDevice+ADJAdditions.h"; sourceTree = "<group>"; };
		9DF38285260E9E660033F5A1 /* NSData+ADJAdditions.m */ = {isa = PBXFileReference; fileEncoding = 4; lastKnownFileType = sourcecode.c.objc; path = "NSData+ADJAdditions.m"; sourceTree = "<group>"; };
		9DF38286260E9E660033F5A1 /* NSNumber+ADJAdditions.m */ = {isa = PBXFileReference; fileEncoding = 4; lastKnownFileType = sourcecode.c.objc; path = "NSNumber+ADJAdditions.m"; sourceTree = "<group>"; };
		9DF38287260E9E660033F5A1 /* NSData+ADJAdditions.h */ = {isa = PBXFileReference; fileEncoding = 4; lastKnownFileType = sourcecode.c.h; path = "NSData+ADJAdditions.h"; sourceTree = "<group>"; };
		9DF38288260E9E660033F5A1 /* UIDevice+ADJAdditions.m */ = {isa = PBXFileReference; fileEncoding = 4; lastKnownFileType = sourcecode.c.objc; path = "UIDevice+ADJAdditions.m"; sourceTree = "<group>"; };
		9DF38289260E9E660033F5A1 /* NSString+ADJAdditions.h */ = {isa = PBXFileReference; fileEncoding = 4; lastKnownFileType = sourcecode.c.h; path = "NSString+ADJAdditions.h"; sourceTree = "<group>"; };
		9DF3828A260E9E660033F5A1 /* ADJAttribution.m */ = {isa = PBXFileReference; fileEncoding = 4; lastKnownFileType = sourcecode.c.objc; path = ADJAttribution.m; sourceTree = "<group>"; };
		9DF3828B260E9E660033F5A1 /* ADJThirdPartySharing.m */ = {isa = PBXFileReference; fileEncoding = 4; lastKnownFileType = sourcecode.c.objc; path = ADJThirdPartySharing.m; sourceTree = "<group>"; };
		9DF3828C260E9E660033F5A1 /* ADJSystemProfile.m */ = {isa = PBXFileReference; fileEncoding = 4; lastKnownFileType = sourcecode.c.objc; path = ADJSystemProfile.m; sourceTree = "<group>"; };
		9DF3828D260E9E660033F5A1 /* ADJRequestHandler.h */ = {isa = PBXFileReference; fileEncoding = 4; lastKnownFileType = sourcecode.c.h; path = ADJRequestHandler.h; sourceTree = "<group>"; };
		9DF3828E260E9E660033F5A1 /* ADJActivityPackage.m */ = {isa = PBXFileReference; fileEncoding = 4; lastKnownFileType = sourcecode.c.objc; path = ADJActivityPackage.m; sourceTree = "<group>"; };
		9DF3828F260E9E660033F5A1 /* ADJUtil.m */ = {isa = PBXFileReference; fileEncoding = 4; lastKnownFileType = sourcecode.c.objc; path = ADJUtil.m; sourceTree = "<group>"; };
		9DF38290260E9E660033F5A1 /* ADJUrlStrategy.m */ = {isa = PBXFileReference; fileEncoding = 4; lastKnownFileType = sourcecode.c.objc; path = ADJUrlStrategy.m; sourceTree = "<group>"; };
		9DF38291260E9E660033F5A1 /* ADJSessionFailure.h */ = {isa = PBXFileReference; fileEncoding = 4; lastKnownFileType = sourcecode.c.h; path = ADJSessionFailure.h; sourceTree = "<group>"; };
		9DF38292260E9E660033F5A1 /* ADJActivityState.h */ = {isa = PBXFileReference; fileEncoding = 4; lastKnownFileType = sourcecode.c.h; path = ADJActivityState.h; sourceTree = "<group>"; };
		9DF38293260E9E660033F5A1 /* ADJAdjustFactory.m */ = {isa = PBXFileReference; fileEncoding = 4; lastKnownFileType = sourcecode.c.objc; path = ADJAdjustFactory.m; sourceTree = "<group>"; };
		9DF38294260E9E660033F5A1 /* ADJEventSuccess.h */ = {isa = PBXFileReference; fileEncoding = 4; lastKnownFileType = sourcecode.c.h; path = ADJEventSuccess.h; sourceTree = "<group>"; };
		9DF38295260E9E660033F5A1 /* ADJEventFailure.h */ = {isa = PBXFileReference; fileEncoding = 4; lastKnownFileType = sourcecode.c.h; path = ADJEventFailure.h; sourceTree = "<group>"; };
		9DF38297260E9E660033F5A1 /* ADJResponseData.m */ = {isa = PBXFileReference; fileEncoding = 4; lastKnownFileType = sourcecode.c.objc; path = ADJResponseData.m; sourceTree = "<group>"; };
		9DF38298260E9E660033F5A1 /* ADJSessionSuccess.h */ = {isa = PBXFileReference; fileEncoding = 4; lastKnownFileType = sourcecode.c.h; path = ADJSessionSuccess.h; sourceTree = "<group>"; };
		9DF38299260E9E660033F5A1 /* ADJPackageBuilder.m */ = {isa = PBXFileReference; fileEncoding = 4; lastKnownFileType = sourcecode.c.objc; path = ADJPackageBuilder.m; sourceTree = "<group>"; };
		9DF3829A260E9E660033F5A1 /* ADJSubscription.m */ = {isa = PBXFileReference; fileEncoding = 4; lastKnownFileType = sourcecode.c.objc; path = ADJSubscription.m; sourceTree = "<group>"; };
		9DF3829B260E9E660033F5A1 /* ADJUserDefaults.m */ = {isa = PBXFileReference; fileEncoding = 4; lastKnownFileType = sourcecode.c.objc; path = ADJUserDefaults.m; sourceTree = "<group>"; };
		9DF3829C260E9E660033F5A1 /* ADJBackoffStrategy.h */ = {isa = PBXFileReference; fileEncoding = 4; lastKnownFileType = sourcecode.c.h; path = ADJBackoffStrategy.h; sourceTree = "<group>"; };
		9DF3829D260E9E660033F5A1 /* ADJLogger.h */ = {isa = PBXFileReference; fileEncoding = 4; lastKnownFileType = sourcecode.c.h; path = ADJLogger.h; sourceTree = "<group>"; };
		9DF3829E260E9E660033F5A1 /* ADJSessionParameters.h */ = {isa = PBXFileReference; fileEncoding = 4; lastKnownFileType = sourcecode.c.h; path = ADJSessionParameters.h; sourceTree = "<group>"; };
		9DF382A0260E9E660033F5A1 /* ADJTimerCycle.h */ = {isa = PBXFileReference; fileEncoding = 4; lastKnownFileType = sourcecode.c.h; path = ADJTimerCycle.h; sourceTree = "<group>"; };
		9DF382A1260E9E660033F5A1 /* ADJActivityHandler.m */ = {isa = PBXFileReference; fileEncoding = 4; lastKnownFileType = sourcecode.c.objc; path = ADJActivityHandler.m; sourceTree = "<group>"; };
		9DF382A2260E9E660033F5A1 /* ADJReachability.m */ = {isa = PBXFileReference; fileEncoding = 4; lastKnownFileType = sourcecode.c.objc; path = ADJReachability.m; sourceTree = "<group>"; };
		9DF382CC260E9EB40033F5A1 /* AdjustBridge.m */ = {isa = PBXFileReference; fileEncoding = 4; lastKnownFileType = sourcecode.c.objc; path = AdjustBridge.m; sourceTree = "<group>"; };
		9DF382CE260E9EB40033F5A1 /* ADJConfig.h */ = {isa = PBXFileReference; fileEncoding = 4; lastKnownFileType = sourcecode.c.h; path = ADJConfig.h; sourceTree = "<group>"; };
		9DF382CF260E9EB40033F5A1 /* ADJDeviceInfo.m */ = {isa = PBXFileReference; fileEncoding = 4; lastKnownFileType = sourcecode.c.objc; path = ADJDeviceInfo.m; sourceTree = "<group>"; };
		9DF382D0260E9EB40033F5A1 /* ADJTimerOnce.m */ = {isa = PBXFileReference; fileEncoding = 4; lastKnownFileType = sourcecode.c.objc; path = ADJTimerOnce.m; sourceTree = "<group>"; };
		9DF382D1260E9EB40033F5A1 /* ADJAttributionHandler.m */ = {isa = PBXFileReference; fileEncoding = 4; lastKnownFileType = sourcecode.c.objc; path = ADJAttributionHandler.m; sourceTree = "<group>"; };
		9DF382D2260E9EB40033F5A1 /* Adjust.h */ = {isa = PBXFileReference; fileEncoding = 4; lastKnownFileType = sourcecode.c.h; path = Adjust.h; sourceTree = "<group>"; };
		9DF382D3260E9EB40033F5A1 /* ADJActivityPackage.h */ = {isa = PBXFileReference; fileEncoding = 4; lastKnownFileType = sourcecode.c.h; path = ADJActivityPackage.h; sourceTree = "<group>"; };
		9DF382D4260E9EB40033F5A1 /* ADJRequestHandler.m */ = {isa = PBXFileReference; fileEncoding = 4; lastKnownFileType = sourcecode.c.objc; path = ADJRequestHandler.m; sourceTree = "<group>"; };
		9DF382D5260E9EB40033F5A1 /* ADJSystemProfile.h */ = {isa = PBXFileReference; fileEncoding = 4; lastKnownFileType = sourcecode.c.h; path = ADJSystemProfile.h; sourceTree = "<group>"; };
		9DF382D6260E9EB40033F5A1 /* ADJThirdPartySharing.h */ = {isa = PBXFileReference; fileEncoding = 4; lastKnownFileType = sourcecode.c.h; path = ADJThirdPartySharing.h; sourceTree = "<group>"; };
		9DF382D7260E9EB40033F5A1 /* ADJAttribution.h */ = {isa = PBXFileReference; fileEncoding = 4; lastKnownFileType = sourcecode.c.h; path = ADJAttribution.h; sourceTree = "<group>"; };
		9DF382D9260E9EB40033F5A1 /* ADJSdkClickHandler.m */ = {isa = PBXFileReference; fileEncoding = 4; lastKnownFileType = sourcecode.c.objc; path = ADJSdkClickHandler.m; sourceTree = "<group>"; };
		9DF382DA260E9EB40033F5A1 /* ADJActivityKind.h */ = {isa = PBXFileReference; fileEncoding = 4; lastKnownFileType = sourcecode.c.h; path = ADJActivityKind.h; sourceTree = "<group>"; };
		9DF382DB260E9EB40033F5A1 /* ADJEvent.m */ = {isa = PBXFileReference; fileEncoding = 4; lastKnownFileType = sourcecode.c.objc; path = ADJEvent.m; sourceTree = "<group>"; };
		9DF382DC260E9EB40033F5A1 /* ADJPackageHandler.h */ = {isa = PBXFileReference; fileEncoding = 4; lastKnownFileType = sourcecode.c.h; path = ADJPackageHandler.h; sourceTree = "<group>"; };
		9DF382DD260E9EB40033F5A1 /* ADJSubscription.h */ = {isa = PBXFileReference; fileEncoding = 4; lastKnownFileType = sourcecode.c.h; path = ADJSubscription.h; sourceTree = "<group>"; };
		9DF382DE260E9EB40033F5A1 /* ADJPackageBuilder.h */ = {isa = PBXFileReference; fileEncoding = 4; lastKnownFileType = sourcecode.c.h; path = ADJPackageBuilder.h; sourceTree = "<group>"; };
		9DF382DF260E9EB40033F5A1 /* ADJResponseData.h */ = {isa = PBXFileReference; fileEncoding = 4; lastKnownFileType = sourcecode.c.h; path = ADJResponseData.h; sourceTree = "<group>"; };
		9DF382E0260E9EB40033F5A1 /* ADJSessionSuccess.m */ = {isa = PBXFileReference; fileEncoding = 4; lastKnownFileType = sourcecode.c.objc; path = ADJSessionSuccess.m; sourceTree = "<group>"; };
		9DF382E1260E9EB40033F5A1 /* ADJEventFailure.m */ = {isa = PBXFileReference; fileEncoding = 4; lastKnownFileType = sourcecode.c.objc; path = ADJEventFailure.m; sourceTree = "<group>"; };
		9DF382E2260E9EB40033F5A1 /* ADJAdjustFactory.h */ = {isa = PBXFileReference; fileEncoding = 4; lastKnownFileType = sourcecode.c.h; path = ADJAdjustFactory.h; sourceTree = "<group>"; };
		9DF382E4260E9EB40033F5A1 /* ADJConfig.h */ = {isa = PBXFileReference; fileEncoding = 4; lastKnownFileType = sourcecode.c.h; path = ADJConfig.h; sourceTree = "<group>"; };
		9DF382E5260E9EB40033F5A1 /* Adjust.h */ = {isa = PBXFileReference; fileEncoding = 4; lastKnownFileType = sourcecode.c.h; path = Adjust.h; sourceTree = "<group>"; };
		9DF382E6260E9EB40033F5A1 /* ADJThirdPartySharing.h */ = {isa = PBXFileReference; fileEncoding = 4; lastKnownFileType = sourcecode.c.h; path = ADJThirdPartySharing.h; sourceTree = "<group>"; };
		9DF382E7260E9EB40033F5A1 /* ADJAttribution.h */ = {isa = PBXFileReference; fileEncoding = 4; lastKnownFileType = sourcecode.c.h; path = ADJAttribution.h; sourceTree = "<group>"; };
		9DF382E8260E9EB40033F5A1 /* ADJSubscription.h */ = {isa = PBXFileReference; fileEncoding = 4; lastKnownFileType = sourcecode.c.h; path = ADJSubscription.h; sourceTree = "<group>"; };
		9DF382E9260E9EB40033F5A1 /* ADJEvent.h */ = {isa = PBXFileReference; fileEncoding = 4; lastKnownFileType = sourcecode.c.h; path = ADJEvent.h; sourceTree = "<group>"; };
		9DF382EA260E9EB40033F5A1 /* ADJSessionFailure.h */ = {isa = PBXFileReference; fileEncoding = 4; lastKnownFileType = sourcecode.c.h; path = ADJSessionFailure.h; sourceTree = "<group>"; };
		9DF382EB260E9EB40033F5A1 /* ADJEventSuccess.h */ = {isa = PBXFileReference; fileEncoding = 4; lastKnownFileType = sourcecode.c.h; path = ADJEventSuccess.h; sourceTree = "<group>"; };
		9DF382EC260E9EB40033F5A1 /* ADJEventFailure.h */ = {isa = PBXFileReference; fileEncoding = 4; lastKnownFileType = sourcecode.c.h; path = ADJEventFailure.h; sourceTree = "<group>"; };
		9DF382ED260E9EB40033F5A1 /* ADJSessionSuccess.h */ = {isa = PBXFileReference; fileEncoding = 4; lastKnownFileType = sourcecode.c.h; path = ADJSessionSuccess.h; sourceTree = "<group>"; };
		9DF382EE260E9EB40033F5A1 /* ADJLogger.h */ = {isa = PBXFileReference; fileEncoding = 4; lastKnownFileType = sourcecode.c.h; path = ADJLogger.h; sourceTree = "<group>"; };
		9DF382EF260E9EB40033F5A1 /* ADJEventSuccess.m */ = {isa = PBXFileReference; fileEncoding = 4; lastKnownFileType = sourcecode.c.objc; path = ADJEventSuccess.m; sourceTree = "<group>"; };
		9DF382F0260E9EB40033F5A1 /* ADJActivityState.m */ = {isa = PBXFileReference; fileEncoding = 4; lastKnownFileType = sourcecode.c.objc; path = ADJActivityState.m; sourceTree = "<group>"; };
		9DF382F1260E9EB40033F5A1 /* ADJUrlStrategy.h */ = {isa = PBXFileReference; fileEncoding = 4; lastKnownFileType = sourcecode.c.h; path = ADJUrlStrategy.h; sourceTree = "<group>"; };
		9DF382F2260E9EB40033F5A1 /* ADJSessionFailure.m */ = {isa = PBXFileReference; fileEncoding = 4; lastKnownFileType = sourcecode.c.objc; path = ADJSessionFailure.m; sourceTree = "<group>"; };
		9DF382F3260E9EB40033F5A1 /* ADJUtil.h */ = {isa = PBXFileReference; fileEncoding = 4; lastKnownFileType = sourcecode.c.h; path = ADJUtil.h; sourceTree = "<group>"; };
		9DF382F4260E9EB40033F5A1 /* ADJReachability.h */ = {isa = PBXFileReference; fileEncoding = 4; lastKnownFileType = sourcecode.c.h; path = ADJReachability.h; sourceTree = "<group>"; };
		9DF382F5260E9EB40033F5A1 /* ADJActivityHandler.h */ = {isa = PBXFileReference; fileEncoding = 4; lastKnownFileType = sourcecode.c.h; path = ADJActivityHandler.h; sourceTree = "<group>"; };
		9DF382F6260E9EB40033F5A1 /* ADJTimerCycle.m */ = {isa = PBXFileReference; fileEncoding = 4; lastKnownFileType = sourcecode.c.objc; path = ADJTimerCycle.m; sourceTree = "<group>"; };
		9DF382F7260E9EB40033F5A1 /* ADJSessionParameters.m */ = {isa = PBXFileReference; fileEncoding = 4; lastKnownFileType = sourcecode.c.objc; path = ADJSessionParameters.m; sourceTree = "<group>"; };
		9DF382F8260E9EB40033F5A1 /* ADJLogger.m */ = {isa = PBXFileReference; fileEncoding = 4; lastKnownFileType = sourcecode.c.objc; path = ADJLogger.m; sourceTree = "<group>"; };
		9DF382F9260E9EB40033F5A1 /* ADJBackoffStrategy.m */ = {isa = PBXFileReference; fileEncoding = 4; lastKnownFileType = sourcecode.c.objc; path = ADJBackoffStrategy.m; sourceTree = "<group>"; };
		9DF382FA260E9EB40033F5A1 /* ADJUserDefaults.h */ = {isa = PBXFileReference; fileEncoding = 4; lastKnownFileType = sourcecode.c.h; path = ADJUserDefaults.h; sourceTree = "<group>"; };
		9DF382FB260E9EB40033F5A1 /* Adjust.m */ = {isa = PBXFileReference; fileEncoding = 4; lastKnownFileType = sourcecode.c.objc; path = Adjust.m; sourceTree = "<group>"; };
		9DF382FC260E9EB40033F5A1 /* ADJAttributionHandler.h */ = {isa = PBXFileReference; fileEncoding = 4; lastKnownFileType = sourcecode.c.h; path = ADJAttributionHandler.h; sourceTree = "<group>"; };
		9DF382FD260E9EB40033F5A1 /* ADJTimerOnce.h */ = {isa = PBXFileReference; fileEncoding = 4; lastKnownFileType = sourcecode.c.h; path = ADJTimerOnce.h; sourceTree = "<group>"; };
		9DF382FE260E9EB40033F5A1 /* ADJDeviceInfo.h */ = {isa = PBXFileReference; fileEncoding = 4; lastKnownFileType = sourcecode.c.h; path = ADJDeviceInfo.h; sourceTree = "<group>"; };
		9DF382FF260E9EB40033F5A1 /* ADJConfig.m */ = {isa = PBXFileReference; fileEncoding = 4; lastKnownFileType = sourcecode.c.objc; path = ADJConfig.m; sourceTree = "<group>"; };
		9DF38300260E9EB40033F5A1 /* ADJPackageHandler.m */ = {isa = PBXFileReference; fileEncoding = 4; lastKnownFileType = sourcecode.c.objc; path = ADJPackageHandler.m; sourceTree = "<group>"; };
		9DF38301260E9EB40033F5A1 /* ADJEvent.h */ = {isa = PBXFileReference; fileEncoding = 4; lastKnownFileType = sourcecode.c.h; path = ADJEvent.h; sourceTree = "<group>"; };
		9DF38302260E9EB40033F5A1 /* ADJSdkClickHandler.h */ = {isa = PBXFileReference; fileEncoding = 4; lastKnownFileType = sourcecode.c.h; path = ADJSdkClickHandler.h; sourceTree = "<group>"; };
		9DF38303260E9EB40033F5A1 /* ADJActivityKind.m */ = {isa = PBXFileReference; fileEncoding = 4; lastKnownFileType = sourcecode.c.objc; path = ADJActivityKind.m; sourceTree = "<group>"; };
		9DF38306260E9EB40033F5A1 /* NSNumber+ADJAdditions.h */ = {isa = PBXFileReference; fileEncoding = 4; lastKnownFileType = sourcecode.c.h; path = "NSNumber+ADJAdditions.h"; sourceTree = "<group>"; };
		9DF38307260E9EB40033F5A1 /* NSString+ADJAdditions.m */ = {isa = PBXFileReference; fileEncoding = 4; lastKnownFileType = sourcecode.c.objc; path = "NSString+ADJAdditions.m"; sourceTree = "<group>"; };
		9DF38308260E9EB40033F5A1 /* UIDevice+ADJAdditions.h */ = {isa = PBXFileReference; fileEncoding = 4; lastKnownFileType = sourcecode.c.h; path = "UIDevice+ADJAdditions.h"; sourceTree = "<group>"; };
		9DF38309260E9EB40033F5A1 /* NSData+ADJAdditions.m */ = {isa = PBXFileReference; fileEncoding = 4; lastKnownFileType = sourcecode.c.objc; path = "NSData+ADJAdditions.m"; sourceTree = "<group>"; };
		9DF3830A260E9EB40033F5A1 /* NSNumber+ADJAdditions.m */ = {isa = PBXFileReference; fileEncoding = 4; lastKnownFileType = sourcecode.c.objc; path = "NSNumber+ADJAdditions.m"; sourceTree = "<group>"; };
		9DF3830B260E9EB40033F5A1 /* NSData+ADJAdditions.h */ = {isa = PBXFileReference; fileEncoding = 4; lastKnownFileType = sourcecode.c.h; path = "NSData+ADJAdditions.h"; sourceTree = "<group>"; };
		9DF3830C260E9EB40033F5A1 /* UIDevice+ADJAdditions.m */ = {isa = PBXFileReference; fileEncoding = 4; lastKnownFileType = sourcecode.c.objc; path = "UIDevice+ADJAdditions.m"; sourceTree = "<group>"; };
		9DF3830D260E9EB40033F5A1 /* NSString+ADJAdditions.h */ = {isa = PBXFileReference; fileEncoding = 4; lastKnownFileType = sourcecode.c.h; path = "NSString+ADJAdditions.h"; sourceTree = "<group>"; };
		9DF3830E260E9EB40033F5A1 /* ADJAttribution.m */ = {isa = PBXFileReference; fileEncoding = 4; lastKnownFileType = sourcecode.c.objc; path = ADJAttribution.m; sourceTree = "<group>"; };
		9DF3830F260E9EB40033F5A1 /* ADJThirdPartySharing.m */ = {isa = PBXFileReference; fileEncoding = 4; lastKnownFileType = sourcecode.c.objc; path = ADJThirdPartySharing.m; sourceTree = "<group>"; };
		9DF38310260E9EB40033F5A1 /* ADJSystemProfile.m */ = {isa = PBXFileReference; fileEncoding = 4; lastKnownFileType = sourcecode.c.objc; path = ADJSystemProfile.m; sourceTree = "<group>"; };
		9DF38311260E9EB40033F5A1 /* ADJRequestHandler.h */ = {isa = PBXFileReference; fileEncoding = 4; lastKnownFileType = sourcecode.c.h; path = ADJRequestHandler.h; sourceTree = "<group>"; };
		9DF38312260E9EB40033F5A1 /* ADJActivityPackage.m */ = {isa = PBXFileReference; fileEncoding = 4; lastKnownFileType = sourcecode.c.objc; path = ADJActivityPackage.m; sourceTree = "<group>"; };
		9DF38313260E9EB40033F5A1 /* ADJUtil.m */ = {isa = PBXFileReference; fileEncoding = 4; lastKnownFileType = sourcecode.c.objc; path = ADJUtil.m; sourceTree = "<group>"; };
		9DF38314260E9EB40033F5A1 /* ADJUrlStrategy.m */ = {isa = PBXFileReference; fileEncoding = 4; lastKnownFileType = sourcecode.c.objc; path = ADJUrlStrategy.m; sourceTree = "<group>"; };
		9DF38315260E9EB40033F5A1 /* ADJSessionFailure.h */ = {isa = PBXFileReference; fileEncoding = 4; lastKnownFileType = sourcecode.c.h; path = ADJSessionFailure.h; sourceTree = "<group>"; };
		9DF38316260E9EB40033F5A1 /* ADJActivityState.h */ = {isa = PBXFileReference; fileEncoding = 4; lastKnownFileType = sourcecode.c.h; path = ADJActivityState.h; sourceTree = "<group>"; };
		9DF38317260E9EB40033F5A1 /* ADJAdjustFactory.m */ = {isa = PBXFileReference; fileEncoding = 4; lastKnownFileType = sourcecode.c.objc; path = ADJAdjustFactory.m; sourceTree = "<group>"; };
		9DF38318260E9EB40033F5A1 /* ADJEventSuccess.h */ = {isa = PBXFileReference; fileEncoding = 4; lastKnownFileType = sourcecode.c.h; path = ADJEventSuccess.h; sourceTree = "<group>"; };
		9DF38319260E9EB40033F5A1 /* ADJEventFailure.h */ = {isa = PBXFileReference; fileEncoding = 4; lastKnownFileType = sourcecode.c.h; path = ADJEventFailure.h; sourceTree = "<group>"; };
		9DF3831A260E9EB40033F5A1 /* ADJResponseData.m */ = {isa = PBXFileReference; fileEncoding = 4; lastKnownFileType = sourcecode.c.objc; path = ADJResponseData.m; sourceTree = "<group>"; };
		9DF3831B260E9EB40033F5A1 /* ADJSessionSuccess.h */ = {isa = PBXFileReference; fileEncoding = 4; lastKnownFileType = sourcecode.c.h; path = ADJSessionSuccess.h; sourceTree = "<group>"; };
		9DF3831C260E9EB40033F5A1 /* ADJPackageBuilder.m */ = {isa = PBXFileReference; fileEncoding = 4; lastKnownFileType = sourcecode.c.objc; path = ADJPackageBuilder.m; sourceTree = "<group>"; };
		9DF3831D260E9EB40033F5A1 /* ADJSubscription.m */ = {isa = PBXFileReference; fileEncoding = 4; lastKnownFileType = sourcecode.c.objc; path = ADJSubscription.m; sourceTree = "<group>"; };
		9DF3831E260E9EB40033F5A1 /* ADJUserDefaults.m */ = {isa = PBXFileReference; fileEncoding = 4; lastKnownFileType = sourcecode.c.objc; path = ADJUserDefaults.m; sourceTree = "<group>"; };
		9DF3831F260E9EB40033F5A1 /* ADJBackoffStrategy.h */ = {isa = PBXFileReference; fileEncoding = 4; lastKnownFileType = sourcecode.c.h; path = ADJBackoffStrategy.h; sourceTree = "<group>"; };
		9DF38320260E9EB40033F5A1 /* ADJLogger.h */ = {isa = PBXFileReference; fileEncoding = 4; lastKnownFileType = sourcecode.c.h; path = ADJLogger.h; sourceTree = "<group>"; };
		9DF38321260E9EB40033F5A1 /* ADJSessionParameters.h */ = {isa = PBXFileReference; fileEncoding = 4; lastKnownFileType = sourcecode.c.h; path = ADJSessionParameters.h; sourceTree = "<group>"; };
		9DF38322260E9EB40033F5A1 /* Info.plist */ = {isa = PBXFileReference; fileEncoding = 4; lastKnownFileType = text.plist.xml; path = Info.plist; sourceTree = "<group>"; };
		9DF38323260E9EB50033F5A1 /* ADJTimerCycle.h */ = {isa = PBXFileReference; fileEncoding = 4; lastKnownFileType = sourcecode.c.h; path = ADJTimerCycle.h; sourceTree = "<group>"; };
		9DF38324260E9EB50033F5A1 /* ADJActivityHandler.m */ = {isa = PBXFileReference; fileEncoding = 4; lastKnownFileType = sourcecode.c.objc; path = ADJActivityHandler.m; sourceTree = "<group>"; };
		9DF38325260E9EB50033F5A1 /* ADJReachability.m */ = {isa = PBXFileReference; fileEncoding = 4; lastKnownFileType = sourcecode.c.objc; path = ADJReachability.m; sourceTree = "<group>"; };
		9DF38326260E9EB50033F5A1 /* AdjustBridgeRegister.h */ = {isa = PBXFileReference; fileEncoding = 4; lastKnownFileType = sourcecode.c.h; path = AdjustBridgeRegister.h; sourceTree = "<group>"; };
		9DF38328260E9EB50033F5A1 /* WebViewJavascriptBridgeBase.m */ = {isa = PBXFileReference; fileEncoding = 4; lastKnownFileType = sourcecode.c.objc; path = WebViewJavascriptBridgeBase.m; sourceTree = "<group>"; };
		9DF38329260E9EB50033F5A1 /* WKWebViewJavascriptBridge.m */ = {isa = PBXFileReference; fileEncoding = 4; lastKnownFileType = sourcecode.c.objc; path = WKWebViewJavascriptBridge.m; sourceTree = "<group>"; };
		9DF3832A260E9EB50033F5A1 /* WebViewJavascriptBridge_JS.h */ = {isa = PBXFileReference; fileEncoding = 4; lastKnownFileType = sourcecode.c.h; path = WebViewJavascriptBridge_JS.h; sourceTree = "<group>"; };
		9DF3832B260E9EB50033F5A1 /* WebViewJavascriptBridgeBase.h */ = {isa = PBXFileReference; fileEncoding = 4; lastKnownFileType = sourcecode.c.h; path = WebViewJavascriptBridgeBase.h; sourceTree = "<group>"; };
		9DF3832C260E9EB50033F5A1 /* WebViewJavascriptBridge_JS.m */ = {isa = PBXFileReference; fileEncoding = 4; lastKnownFileType = sourcecode.c.objc; path = WebViewJavascriptBridge_JS.m; sourceTree = "<group>"; };
		9DF3832D260E9EB50033F5A1 /* WKWebViewJavascriptBridge.h */ = {isa = PBXFileReference; fileEncoding = 4; lastKnownFileType = sourcecode.c.h; path = WKWebViewJavascriptBridge.h; sourceTree = "<group>"; };
		9DF3832F260E9EB50033F5A1 /* AdjustBridgeRegister.h */ = {isa = PBXFileReference; fileEncoding = 4; lastKnownFileType = sourcecode.c.h; path = AdjustBridgeRegister.h; sourceTree = "<group>"; };
		9DF38330260E9EB50033F5A1 /* WebViewJavascriptBridgeBase.h */ = {isa = PBXFileReference; fileEncoding = 4; lastKnownFileType = sourcecode.c.h; path = WebViewJavascriptBridgeBase.h; sourceTree = "<group>"; };
		9DF38331260E9EB50033F5A1 /* AdjustBridge.h */ = {isa = PBXFileReference; fileEncoding = 4; lastKnownFileType = sourcecode.c.h; path = AdjustBridge.h; sourceTree = "<group>"; };
		9DF38332260E9EB50033F5A1 /* WKWebViewJavascriptBridge.h */ = {isa = PBXFileReference; fileEncoding = 4; lastKnownFileType = sourcecode.c.h; path = WKWebViewJavascriptBridge.h; sourceTree = "<group>"; };
		9DF38333260E9EB50033F5A1 /* AdjustBridge.h */ = {isa = PBXFileReference; fileEncoding = 4; lastKnownFileType = sourcecode.c.h; path = AdjustBridge.h; sourceTree = "<group>"; };
		9DF38334260E9EB50033F5A1 /* AdjustBridgeRegister.m */ = {isa = PBXFileReference; fileEncoding = 4; lastKnownFileType = sourcecode.c.objc; path = AdjustBridgeRegister.m; sourceTree = "<group>"; };
/* End PBXFileReference section */

/* Begin PBXFrameworksBuildPhase section */
		9D9D152B212EB3920081445E /* Frameworks */ = {
			isa = PBXFrameworksBuildPhase;
			buildActionMask = 2147483647;
			files = (
				9D9D1561212EB4080081445E /* iAd.framework in Frameworks */,
				9D9D1565212EB4130081445E /* WebKit.framework in Frameworks */,
				9D9D1563212EB40D0081445E /* AdSupport.framework in Frameworks */,
			);
			runOnlyForDeploymentPostprocessing = 0;
		};
/* End PBXFrameworksBuildPhase section */

/* Begin PBXGroup section */
		9D0F16522193F94C00F5140E /* Supporting Files */ = {
			isa = PBXGroup;
			children = (
				9DF382CB260E9EB40033F5A1 /* AdjustBridge */,
				9DF38249260E9E650033F5A1 /* Adjust */,
			);
			path = "Supporting Files";
			sourceTree = "<group>";
		};
		9D9D1525212EB3920081445E = {
			isa = PBXGroup;
			children = (
				9D9D1530212EB3920081445E /* AdjustExample-FbPixel */,
				9D9D152F212EB3920081445E /* Products */,
				9D9D155F212EB4080081445E /* Frameworks */,
			);
			sourceTree = "<group>";
		};
		9D9D152F212EB3920081445E /* Products */ = {
			isa = PBXGroup;
			children = (
				9D9D152E212EB3920081445E /* AdjustExample-FbPixel.app */,
			);
			name = Products;
			sourceTree = "<group>";
		};
		9D9D1530212EB3920081445E /* AdjustExample-FbPixel */ = {
			isa = PBXGroup;
			children = (
				9D9D1531212EB3920081445E /* AppDelegate.h */,
				9D9D1532212EB3920081445E /* AppDelegate.m */,
				9D9D15E5212EB5230081445E /* UIWebViewController.h */,
				9D9D15E4212EB5230081445E /* UIWebViewController.m */,
				9D9D15E7212EB5230081445E /* WKWebViewController.h */,
				9D9D15E6212EB5230081445E /* WKWebViewController.m */,
				9D9D1537212EB3920081445E /* Main.storyboard */,
				9D9D153A212EB3940081445E /* Assets.xcassets */,
				9D9D153C212EB3940081445E /* LaunchScreen.storyboard */,
				9D9D153F212EB3940081445E /* Info.plist */,
				9D9D1540212EB3940081445E /* main.m */,
				9D9D15E2212EB47C0081445E /* AdjustExample-FbPixel.html */,
				9D0F16522193F94C00F5140E /* Supporting Files */,
			);
			path = "AdjustExample-FbPixel";
			sourceTree = "<group>";
		};
		9D9D155F212EB4080081445E /* Frameworks */ = {
			isa = PBXGroup;
			children = (
				9D9D1564212EB4130081445E /* WebKit.framework */,
				9D9D1562212EB40D0081445E /* AdSupport.framework */,
				9D9D1560212EB4080081445E /* iAd.framework */,
			);
			name = Frameworks;
			sourceTree = "<group>";
		};
		9DF38249260E9E650033F5A1 /* Adjust */ = {
			isa = PBXGroup;
			children = (
				9DF3824A260E9E650033F5A1 /* ADJConfig.h */,
				9DF3824B260E9E650033F5A1 /* ADJDeviceInfo.m */,
				9DF3824C260E9E650033F5A1 /* ADJTimerOnce.m */,
				9DF3824D260E9E650033F5A1 /* ADJAttributionHandler.m */,
				9DF3824E260E9E650033F5A1 /* Adjust.h */,
				9DF3824F260E9E650033F5A1 /* ADJActivityPackage.h */,
				9DF38250260E9E650033F5A1 /* ADJRequestHandler.m */,
				9DF38251260E9E650033F5A1 /* ADJSystemProfile.h */,
				9DF38252260E9E650033F5A1 /* ADJThirdPartySharing.h */,
				9DF38253260E9E660033F5A1 /* ADJAttribution.h */,
				9DF38254260E9E660033F5A1 /* ADJKeychain.m */,
				9DF38255260E9E660033F5A1 /* ADJSdkClickHandler.m */,
				9DF38256260E9E660033F5A1 /* ADJActivityKind.h */,
				9DF38257260E9E660033F5A1 /* ADJEvent.m */,
				9DF38258260E9E660033F5A1 /* ADJPackageHandler.h */,
				9DF38259260E9E660033F5A1 /* ADJSubscription.h */,
				9DF3825A260E9E660033F5A1 /* ADJPackageBuilder.h */,
				9DF3825B260E9E660033F5A1 /* ADJResponseData.h */,
				9DF3825C260E9E660033F5A1 /* ADJSessionSuccess.m */,
				9DF3825D260E9E660033F5A1 /* ADJEventFailure.m */,
				9DF3825E260E9E660033F5A1 /* ADJAdjustFactory.h */,
				9DF3826B260E9E660033F5A1 /* ADJEventSuccess.m */,
				9DF3826C260E9E660033F5A1 /* ADJActivityState.m */,
				9DF3826D260E9E660033F5A1 /* ADJUrlStrategy.h */,
				9DF3826E260E9E660033F5A1 /* ADJSessionFailure.m */,
				9DF3826F260E9E660033F5A1 /* ADJUtil.h */,
				9DF38270260E9E660033F5A1 /* ADJReachability.h */,
				9DF38271260E9E660033F5A1 /* ADJActivityHandler.h */,
				9DF38272260E9E660033F5A1 /* ADJTimerCycle.m */,
				9DF38273260E9E660033F5A1 /* ADJSessionParameters.m */,
				9DF38274260E9E660033F5A1 /* ADJLogger.m */,
				9DF38275260E9E660033F5A1 /* ADJBackoffStrategy.m */,
				9DF38276260E9E660033F5A1 /* ADJUserDefaults.h */,
				9DF38277260E9E660033F5A1 /* Adjust.m */,
				9DF38278260E9E660033F5A1 /* ADJAttributionHandler.h */,
				9DF38279260E9E660033F5A1 /* ADJTimerOnce.h */,
				9DF3827A260E9E660033F5A1 /* ADJDeviceInfo.h */,
				9DF3827B260E9E660033F5A1 /* ADJConfig.m */,
				9DF3827C260E9E660033F5A1 /* ADJPackageHandler.m */,
				9DF3827D260E9E660033F5A1 /* ADJEvent.h */,
				9DF3827E260E9E660033F5A1 /* ADJSdkClickHandler.h */,
				9DF3827F260E9E660033F5A1 /* ADJActivityKind.m */,
				9DF38280260E9E660033F5A1 /* ADJKeychain.h */,
				9DF38281260E9E660033F5A1 /* ADJAdditions */,
				9DF3828A260E9E660033F5A1 /* ADJAttribution.m */,
				9DF3828B260E9E660033F5A1 /* ADJThirdPartySharing.m */,
				9DF3828C260E9E660033F5A1 /* ADJSystemProfile.m */,
				9DF3828D260E9E660033F5A1 /* ADJRequestHandler.h */,
				9DF3828E260E9E660033F5A1 /* ADJActivityPackage.m */,
				9DF3828F260E9E660033F5A1 /* ADJUtil.m */,
				9DF38290260E9E660033F5A1 /* ADJUrlStrategy.m */,
				9DF38291260E9E660033F5A1 /* ADJSessionFailure.h */,
				9DF38292260E9E660033F5A1 /* ADJActivityState.h */,
				9DF38293260E9E660033F5A1 /* ADJAdjustFactory.m */,
				9DF38294260E9E660033F5A1 /* ADJEventSuccess.h */,
				9DF38295260E9E660033F5A1 /* ADJEventFailure.h */,
				9DF38297260E9E660033F5A1 /* ADJResponseData.m */,
				9DF38298260E9E660033F5A1 /* ADJSessionSuccess.h */,
				9DF38299260E9E660033F5A1 /* ADJPackageBuilder.m */,
				9DF3829A260E9E660033F5A1 /* ADJSubscription.m */,
				9DF3829B260E9E660033F5A1 /* ADJUserDefaults.m */,
				9DF3829C260E9E660033F5A1 /* ADJBackoffStrategy.h */,
				9DF3829D260E9E660033F5A1 /* ADJLogger.h */,
				9DF3829E260E9E660033F5A1 /* ADJSessionParameters.h */,
				9DF382A0260E9E660033F5A1 /* ADJTimerCycle.h */,
				9DF382A1260E9E660033F5A1 /* ADJActivityHandler.m */,
				9DF382A2260E9E660033F5A1 /* ADJReachability.m */,
			);
			name = Adjust;
			path = ../../../../Adjust;
			sourceTree = "<group>";
		};
		9DF38281260E9E660033F5A1 /* ADJAdditions */ = {
			isa = PBXGroup;
			children = (
				9DF38282260E9E660033F5A1 /* NSNumber+ADJAdditions.h */,
				9DF38283260E9E660033F5A1 /* NSString+ADJAdditions.m */,
				9DF38284260E9E660033F5A1 /* UIDevice+ADJAdditions.h */,
				9DF38285260E9E660033F5A1 /* NSData+ADJAdditions.m */,
				9DF38286260E9E660033F5A1 /* NSNumber+ADJAdditions.m */,
				9DF38287260E9E660033F5A1 /* NSData+ADJAdditions.h */,
				9DF38288260E9E660033F5A1 /* UIDevice+ADJAdditions.m */,
				9DF38289260E9E660033F5A1 /* NSString+ADJAdditions.h */,
			);
			path = ADJAdditions;
			sourceTree = "<group>";
		};
		9DF382CB260E9EB40033F5A1 /* AdjustBridge */ = {
			isa = PBXGroup;
			children = (
				9DF382CC260E9EB40033F5A1 /* AdjustBridge.m */,
				9DF382CD260E9EB40033F5A1 /* Adjust */,
				9DF38326260E9EB50033F5A1 /* AdjustBridgeRegister.h */,
				9DF38327260E9EB50033F5A1 /* WebViewJavascriptBridge */,
				9DF3832E260E9EB50033F5A1 /* include */,
				9DF38333260E9EB50033F5A1 /* AdjustBridge.h */,
				9DF38334260E9EB50033F5A1 /* AdjustBridgeRegister.m */,
			);
			name = AdjustBridge;
			path = ../../../../AdjustBridge;
			sourceTree = "<group>";
		};
		9DF382CD260E9EB40033F5A1 /* Adjust */ = {
			isa = PBXGroup;
			children = (
				9DF382CE260E9EB40033F5A1 /* ADJConfig.h */,
				9DF382CF260E9EB40033F5A1 /* ADJDeviceInfo.m */,
				9DF382D0260E9EB40033F5A1 /* ADJTimerOnce.m */,
				9DF382D1260E9EB40033F5A1 /* ADJAttributionHandler.m */,
				9DF382D2260E9EB40033F5A1 /* Adjust.h */,
				9DF382D3260E9EB40033F5A1 /* ADJActivityPackage.h */,
				9DF382D4260E9EB40033F5A1 /* ADJRequestHandler.m */,
				9DF382D5260E9EB40033F5A1 /* ADJSystemProfile.h */,
				9DF382D6260E9EB40033F5A1 /* ADJThirdPartySharing.h */,
				9DF382D7260E9EB40033F5A1 /* ADJAttribution.h */,
				9DF382D9260E9EB40033F5A1 /* ADJSdkClickHandler.m */,
				9DF382DA260E9EB40033F5A1 /* ADJActivityKind.h */,
				9DF382DB260E9EB40033F5A1 /* ADJEvent.m */,
				9DF382DC260E9EB40033F5A1 /* ADJPackageHandler.h */,
				9DF382DD260E9EB40033F5A1 /* ADJSubscription.h */,
				9DF382DE260E9EB40033F5A1 /* ADJPackageBuilder.h */,
				9DF382DF260E9EB40033F5A1 /* ADJResponseData.h */,
				9DF382E0260E9EB40033F5A1 /* ADJSessionSuccess.m */,
				9DF382E1260E9EB40033F5A1 /* ADJEventFailure.m */,
				9DF382E2260E9EB40033F5A1 /* ADJAdjustFactory.h */,
				9DF382E3260E9EB40033F5A1 /* include */,
				9DF382EF260E9EB40033F5A1 /* ADJEventSuccess.m */,
				9DF382F0260E9EB40033F5A1 /* ADJActivityState.m */,
				9DF382F1260E9EB40033F5A1 /* ADJUrlStrategy.h */,
				9DF382F2260E9EB40033F5A1 /* ADJSessionFailure.m */,
				9DF382F3260E9EB40033F5A1 /* ADJUtil.h */,
				9DF382F4260E9EB40033F5A1 /* ADJReachability.h */,
				9DF382F5260E9EB40033F5A1 /* ADJActivityHandler.h */,
				9DF382F6260E9EB40033F5A1 /* ADJTimerCycle.m */,
				9DF382F7260E9EB40033F5A1 /* ADJSessionParameters.m */,
				9DF382F8260E9EB40033F5A1 /* ADJLogger.m */,
				9DF382F9260E9EB40033F5A1 /* ADJBackoffStrategy.m */,
				9DF382FA260E9EB40033F5A1 /* ADJUserDefaults.h */,
				9DF382FB260E9EB40033F5A1 /* Adjust.m */,
				9DF382FC260E9EB40033F5A1 /* ADJAttributionHandler.h */,
				9DF382FD260E9EB40033F5A1 /* ADJTimerOnce.h */,
				9DF382FE260E9EB40033F5A1 /* ADJDeviceInfo.h */,
				9DF382FF260E9EB40033F5A1 /* ADJConfig.m */,
				9DF38300260E9EB40033F5A1 /* ADJPackageHandler.m */,
				9DF38301260E9EB40033F5A1 /* ADJEvent.h */,
				9DF38302260E9EB40033F5A1 /* ADJSdkClickHandler.h */,
				9DF38303260E9EB40033F5A1 /* ADJActivityKind.m */,
				9DF38305260E9EB40033F5A1 /* ADJAdditions */,
				9DF3830E260E9EB40033F5A1 /* ADJAttribution.m */,
				9DF3830F260E9EB40033F5A1 /* ADJThirdPartySharing.m */,
				9DF38310260E9EB40033F5A1 /* ADJSystemProfile.m */,
				9DF38311260E9EB40033F5A1 /* ADJRequestHandler.h */,
				9DF38312260E9EB40033F5A1 /* ADJActivityPackage.m */,
				9DF38313260E9EB40033F5A1 /* ADJUtil.m */,
				9DF38314260E9EB40033F5A1 /* ADJUrlStrategy.m */,
				9DF38315260E9EB40033F5A1 /* ADJSessionFailure.h */,
				9DF38316260E9EB40033F5A1 /* ADJActivityState.h */,
				9DF38317260E9EB40033F5A1 /* ADJAdjustFactory.m */,
				9DF38318260E9EB40033F5A1 /* ADJEventSuccess.h */,
				9DF38319260E9EB40033F5A1 /* ADJEventFailure.h */,
				9DF3831A260E9EB40033F5A1 /* ADJResponseData.m */,
				9DF3831B260E9EB40033F5A1 /* ADJSessionSuccess.h */,
				9DF3831C260E9EB40033F5A1 /* ADJPackageBuilder.m */,
				9DF3831D260E9EB40033F5A1 /* ADJSubscription.m */,
				9DF3831E260E9EB40033F5A1 /* ADJUserDefaults.m */,
				9DF3831F260E9EB40033F5A1 /* ADJBackoffStrategy.h */,
				9DF38320260E9EB40033F5A1 /* ADJLogger.h */,
				9DF38321260E9EB40033F5A1 /* ADJSessionParameters.h */,
				9DF38322260E9EB40033F5A1 /* Info.plist */,
				9DF38323260E9EB50033F5A1 /* ADJTimerCycle.h */,
				9DF38324260E9EB50033F5A1 /* ADJActivityHandler.m */,
				9DF38325260E9EB50033F5A1 /* ADJReachability.m */,
			);
			path = Adjust;
			sourceTree = "<group>";
		};
		9DF382E3260E9EB40033F5A1 /* include */ = {
			isa = PBXGroup;
			children = (
				9DF382E4260E9EB40033F5A1 /* ADJConfig.h */,
				9DF382E5260E9EB40033F5A1 /* Adjust.h */,
				9DF382E6260E9EB40033F5A1 /* ADJThirdPartySharing.h */,
				9DF382E7260E9EB40033F5A1 /* ADJAttribution.h */,
				9DF382E8260E9EB40033F5A1 /* ADJSubscription.h */,
				9DF382E9260E9EB40033F5A1 /* ADJEvent.h */,
				9DF382EA260E9EB40033F5A1 /* ADJSessionFailure.h */,
				9DF382EB260E9EB40033F5A1 /* ADJEventSuccess.h */,
				9DF382EC260E9EB40033F5A1 /* ADJEventFailure.h */,
				9DF382ED260E9EB40033F5A1 /* ADJSessionSuccess.h */,
				9DF382EE260E9EB40033F5A1 /* ADJLogger.h */,
			);
			path = include;
			sourceTree = "<group>";
		};
		9DF38305260E9EB40033F5A1 /* ADJAdditions */ = {
			isa = PBXGroup;
			children = (
				9DF38306260E9EB40033F5A1 /* NSNumber+ADJAdditions.h */,
				9DF38307260E9EB40033F5A1 /* NSString+ADJAdditions.m */,
				9DF38308260E9EB40033F5A1 /* UIDevice+ADJAdditions.h */,
				9DF38309260E9EB40033F5A1 /* NSData+ADJAdditions.m */,
				9DF3830A260E9EB40033F5A1 /* NSNumber+ADJAdditions.m */,
				9DF3830B260E9EB40033F5A1 /* NSData+ADJAdditions.h */,
				9DF3830C260E9EB40033F5A1 /* UIDevice+ADJAdditions.m */,
				9DF3830D260E9EB40033F5A1 /* NSString+ADJAdditions.h */,
			);
			path = ADJAdditions;
			sourceTree = "<group>";
		};
		9DF38327260E9EB50033F5A1 /* WebViewJavascriptBridge */ = {
			isa = PBXGroup;
			children = (
				9DF38328260E9EB50033F5A1 /* WebViewJavascriptBridgeBase.m */,
				9DF38329260E9EB50033F5A1 /* WKWebViewJavascriptBridge.m */,
				9DF3832A260E9EB50033F5A1 /* WebViewJavascriptBridge_JS.h */,
				9DF3832B260E9EB50033F5A1 /* WebViewJavascriptBridgeBase.h */,
				9DF3832C260E9EB50033F5A1 /* WebViewJavascriptBridge_JS.m */,
				9DF3832D260E9EB50033F5A1 /* WKWebViewJavascriptBridge.h */,
			);
			path = WebViewJavascriptBridge;
			sourceTree = "<group>";
		};
		9DF3832E260E9EB50033F5A1 /* include */ = {
			isa = PBXGroup;
			children = (
				9DF3832F260E9EB50033F5A1 /* AdjustBridgeRegister.h */,
				9DF38330260E9EB50033F5A1 /* WebViewJavascriptBridgeBase.h */,
				9DF38331260E9EB50033F5A1 /* AdjustBridge.h */,
				9DF38332260E9EB50033F5A1 /* WKWebViewJavascriptBridge.h */,
			);
			path = include;
			sourceTree = "<group>";
		};
/* End PBXGroup section */

/* Begin PBXNativeTarget section */
		9D9D152D212EB3920081445E /* AdjustExample-FbPixel */ = {
			isa = PBXNativeTarget;
			buildConfigurationList = 9D9D1544212EB3940081445E /* Build configuration list for PBXNativeTarget "AdjustExample-FbPixel" */;
			buildPhases = (
				9D9D152A212EB3920081445E /* Sources */,
				9D9D152B212EB3920081445E /* Frameworks */,
				9D9D152C212EB3920081445E /* Resources */,
			);
			buildRules = (
			);
			dependencies = (
			);
			name = "AdjustExample-FbPixel";
			productName = "AdjustExample-FbPixel";
			productReference = 9D9D152E212EB3920081445E /* AdjustExample-FbPixel.app */;
			productType = "com.apple.product-type.application";
		};
/* End PBXNativeTarget section */

/* Begin PBXProject section */
		9D9D1526212EB3920081445E /* Project object */ = {
			isa = PBXProject;
			attributes = {
				LastUpgradeCheck = 1240;
				ORGANIZATIONNAME = "Adjust GmbH";
				TargetAttributes = {
					9D9D152D212EB3920081445E = {
						CreatedOnToolsVersion = 9.4.1;
					};
				};
			};
			buildConfigurationList = 9D9D1529212EB3920081445E /* Build configuration list for PBXProject "AdjustExample-FbPixel" */;
			compatibilityVersion = "Xcode 9.3";
			developmentRegion = en;
			hasScannedForEncodings = 0;
			knownRegions = (
				en,
				Base,
			);
			mainGroup = 9D9D1525212EB3920081445E;
			productRefGroup = 9D9D152F212EB3920081445E /* Products */;
			projectDirPath = "";
			projectRoot = "";
			targets = (
				9D9D152D212EB3920081445E /* AdjustExample-FbPixel */,
			);
		};
/* End PBXProject section */

/* Begin PBXResourcesBuildPhase section */
		9D9D152C212EB3920081445E /* Resources */ = {
			isa = PBXResourcesBuildPhase;
			buildActionMask = 2147483647;
			files = (
				9D9D15E3212EB47C0081445E /* AdjustExample-FbPixel.html in Resources */,
				9D9D153E212EB3940081445E /* LaunchScreen.storyboard in Resources */,
				9D9D153B212EB3940081445E /* Assets.xcassets in Resources */,
				9DF38359260E9EB50033F5A1 /* Info.plist in Resources */,
				9D9D1539212EB3920081445E /* Main.storyboard in Resources */,
			);
			runOnlyForDeploymentPostprocessing = 0;
		};
/* End PBXResourcesBuildPhase section */

/* Begin PBXSourcesBuildPhase section */
		9D9D152A212EB3920081445E /* Sources */ = {
			isa = PBXSourcesBuildPhase;
			buildActionMask = 2147483647;
			files = (
				9DF382AD260E9E660033F5A1 /* ADJActivityState.m in Sources */,
				9DF382B3260E9E660033F5A1 /* Adjust.m in Sources */,
				9DF382A9260E9E660033F5A1 /* ADJEvent.m in Sources */,
				9DF382A3260E9E660033F5A1 /* ADJDeviceInfo.m in Sources */,
				9DF382C2260E9E660033F5A1 /* ADJResponseData.m in Sources */,
				9DF382B5260E9E660033F5A1 /* ADJPackageHandler.m in Sources */,
				9DF3833F260E9EB50033F5A1 /* ADJEventSuccess.m in Sources */,
				9DF382C4260E9E660033F5A1 /* ADJSubscription.m in Sources */,
				9DF382BD260E9E660033F5A1 /* ADJSystemProfile.m in Sources */,
				9DF3833D260E9EB50033F5A1 /* ADJSessionSuccess.m in Sources */,
				9DF3833E260E9EB50033F5A1 /* ADJEventFailure.m in Sources */,
				9DF382B7260E9E660033F5A1 /* NSString+ADJAdditions.m in Sources */,
				9DF382AA260E9E660033F5A1 /* ADJSessionSuccess.m in Sources */,
				9DF38345260E9EB50033F5A1 /* ADJBackoffStrategy.m in Sources */,
				9DF38355260E9EB50033F5A1 /* ADJResponseData.m in Sources */,
				9DF38349260E9EB50033F5A1 /* ADJActivityKind.m in Sources */,
				9DF382AF260E9E660033F5A1 /* ADJTimerCycle.m in Sources */,
				9DF38353260E9EB50033F5A1 /* ADJUrlStrategy.m in Sources */,
				9DF382C8260E9E660033F5A1 /* ADJReachability.m in Sources */,
				9DF38351260E9EB50033F5A1 /* ADJActivityPackage.m in Sources */,
				9DF38344260E9EB50033F5A1 /* ADJLogger.m in Sources */,
				9DF38358260E9EB50033F5A1 /* ADJUserDefaults.m in Sources */,
				9DF3834E260E9EB50033F5A1 /* ADJAttribution.m in Sources */,
				9DF382C5260E9E660033F5A1 /* ADJUserDefaults.m in Sources */,
				9DF382B2260E9E660033F5A1 /* ADJBackoffStrategy.m in Sources */,
				9DF38347260E9EB50033F5A1 /* ADJConfig.m in Sources */,
				9D9D15E8212EB5230081445E /* UIWebViewController.m in Sources */,
				9DF38336260E9EB50033F5A1 /* ADJDeviceInfo.m in Sources */,
				9DF382A8260E9E660033F5A1 /* ADJSdkClickHandler.m in Sources */,
				9D9D15E9212EB5230081445E /* WKWebViewController.m in Sources */,
				9DF3834C260E9EB50033F5A1 /* NSNumber+ADJAdditions.m in Sources */,
				9DF382B0260E9E660033F5A1 /* ADJSessionParameters.m in Sources */,
				9DF382B4260E9E660033F5A1 /* ADJConfig.m in Sources */,
				9DF38339260E9EB50033F5A1 /* ADJRequestHandler.m in Sources */,
				9DF382A5260E9E660033F5A1 /* ADJAttributionHandler.m in Sources */,
				9DF38350260E9EB50033F5A1 /* ADJSystemProfile.m in Sources */,
				9DF382A6260E9E660033F5A1 /* ADJRequestHandler.m in Sources */,
				9DF38340260E9EB50033F5A1 /* ADJActivityState.m in Sources */,
				9DF3835A260E9EB50033F5A1 /* ADJActivityHandler.m in Sources */,
				9DF382AE260E9E660033F5A1 /* ADJSessionFailure.m in Sources */,
				9DF38341260E9EB50033F5A1 /* ADJSessionFailure.m in Sources */,
				9DF382BC260E9E660033F5A1 /* ADJThirdPartySharing.m in Sources */,
				9DF382BA260E9E660033F5A1 /* UIDevice+ADJAdditions.m in Sources */,
				9DF3835E260E9EB50033F5A1 /* WebViewJavascriptBridge_JS.m in Sources */,
				9DF3834B260E9EB50033F5A1 /* NSData+ADJAdditions.m in Sources */,
				9DF38343260E9EB50033F5A1 /* ADJSessionParameters.m in Sources */,
				9DF38357260E9EB50033F5A1 /* ADJSubscription.m in Sources */,
				9DF38338260E9EB50033F5A1 /* ADJAttributionHandler.m in Sources */,
				9DF38346260E9EB50033F5A1 /* Adjust.m in Sources */,
				9DF382C1260E9E660033F5A1 /* ADJAdjustFactory.m in Sources */,
				9DF38337260E9EB50033F5A1 /* ADJTimerOnce.m in Sources */,
				9D9D1541212EB3940081445E /* main.m in Sources */,
				9DF3835F260E9EB50033F5A1 /* AdjustBridgeRegister.m in Sources */,
				9DF3834A260E9EB50033F5A1 /* NSString+ADJAdditions.m in Sources */,
				9DF382B8260E9E660033F5A1 /* NSData+ADJAdditions.m in Sources */,
				9DF3833C260E9EB50033F5A1 /* ADJEvent.m in Sources */,
				9DF382A7260E9E660033F5A1 /* ADJKeychain.m in Sources */,
				9DF382BE260E9E660033F5A1 /* ADJActivityPackage.m in Sources */,
				9DF382AC260E9E660033F5A1 /* ADJEventSuccess.m in Sources */,
				9DF382BB260E9E660033F5A1 /* ADJAttribution.m in Sources */,
				9DF3835D260E9EB50033F5A1 /* WKWebViewJavascriptBridge.m in Sources */,
				9DF3833B260E9EB50033F5A1 /* ADJSdkClickHandler.m in Sources */,
				9DF382C0260E9E660033F5A1 /* ADJUrlStrategy.m in Sources */,
				9DF38342260E9EB50033F5A1 /* ADJTimerCycle.m in Sources */,
				9DF382B9260E9E660033F5A1 /* NSNumber+ADJAdditions.m in Sources */,
				9DF382B1260E9E660033F5A1 /* ADJLogger.m in Sources */,
				9DF3835C260E9EB50033F5A1 /* WebViewJavascriptBridgeBase.m in Sources */,
				9DF382C7260E9E660033F5A1 /* ADJActivityHandler.m in Sources */,
				9DF3834D260E9EB50033F5A1 /* UIDevice+ADJAdditions.m in Sources */,
				9DF382C3260E9E660033F5A1 /* ADJPackageBuilder.m in Sources */,
				9DF38348260E9EB50033F5A1 /* ADJPackageHandler.m in Sources */,
				9DF382BF260E9E660033F5A1 /* ADJUtil.m in Sources */,
				9DF38335260E9EB50033F5A1 /* AdjustBridge.m in Sources */,
				9DF3834F260E9EB50033F5A1 /* ADJThirdPartySharing.m in Sources */,
				9DF38352260E9EB50033F5A1 /* ADJUtil.m in Sources */,
				9DF382A4260E9E660033F5A1 /* ADJTimerOnce.m in Sources */,
				9DF3835B260E9EB50033F5A1 /* ADJReachability.m in Sources */,
				9D9D1533212EB3920081445E /* AppDelegate.m in Sources */,
				9DF38356260E9EB50033F5A1 /* ADJPackageBuilder.m in Sources */,
				9DF382B6260E9E660033F5A1 /* ADJActivityKind.m in Sources */,
				9DF382AB260E9E660033F5A1 /* ADJEventFailure.m in Sources */,
				9DF38354260E9EB50033F5A1 /* ADJAdjustFactory.m in Sources */,
			);
			runOnlyForDeploymentPostprocessing = 0;
		};
/* End PBXSourcesBuildPhase section */

/* Begin PBXVariantGroup section */
		9D9D1537212EB3920081445E /* Main.storyboard */ = {
			isa = PBXVariantGroup;
			children = (
				9D9D1538212EB3920081445E /* Base */,
			);
			name = Main.storyboard;
			sourceTree = "<group>";
		};
		9D9D153C212EB3940081445E /* LaunchScreen.storyboard */ = {
			isa = PBXVariantGroup;
			children = (
				9D9D153D212EB3940081445E /* Base */,
			);
			name = LaunchScreen.storyboard;
			sourceTree = "<group>";
		};
/* End PBXVariantGroup section */

/* Begin XCBuildConfiguration section */
		9D9D1542212EB3940081445E /* Debug */ = {
			isa = XCBuildConfiguration;
			buildSettings = {
				ALWAYS_SEARCH_USER_PATHS = NO;
				CLANG_ANALYZER_NONNULL = YES;
				CLANG_ANALYZER_NUMBER_OBJECT_CONVERSION = YES_AGGRESSIVE;
				CLANG_CXX_LANGUAGE_STANDARD = "gnu++14";
				CLANG_CXX_LIBRARY = "libc++";
				CLANG_ENABLE_MODULES = YES;
				CLANG_ENABLE_OBJC_ARC = YES;
				CLANG_ENABLE_OBJC_WEAK = YES;
				CLANG_WARN_BLOCK_CAPTURE_AUTORELEASING = YES;
				CLANG_WARN_BOOL_CONVERSION = YES;
				CLANG_WARN_COMMA = YES;
				CLANG_WARN_CONSTANT_CONVERSION = YES;
				CLANG_WARN_DEPRECATED_OBJC_IMPLEMENTATIONS = YES;
				CLANG_WARN_DIRECT_OBJC_ISA_USAGE = YES_ERROR;
				CLANG_WARN_DOCUMENTATION_COMMENTS = YES;
				CLANG_WARN_EMPTY_BODY = YES;
				CLANG_WARN_ENUM_CONVERSION = YES;
				CLANG_WARN_INFINITE_RECURSION = YES;
				CLANG_WARN_INT_CONVERSION = YES;
				CLANG_WARN_NON_LITERAL_NULL_CONVERSION = YES;
				CLANG_WARN_OBJC_IMPLICIT_RETAIN_SELF = YES;
				CLANG_WARN_OBJC_LITERAL_CONVERSION = YES;
				CLANG_WARN_OBJC_ROOT_CLASS = YES_ERROR;
				CLANG_WARN_QUOTED_INCLUDE_IN_FRAMEWORK_HEADER = YES;
				CLANG_WARN_RANGE_LOOP_ANALYSIS = YES;
				CLANG_WARN_STRICT_PROTOTYPES = YES;
				CLANG_WARN_SUSPICIOUS_MOVE = YES;
				CLANG_WARN_UNGUARDED_AVAILABILITY = YES_AGGRESSIVE;
				CLANG_WARN_UNREACHABLE_CODE = YES;
				CLANG_WARN__DUPLICATE_METHOD_MATCH = YES;
				CODE_SIGN_IDENTITY = "iPhone Developer";
				COPY_PHASE_STRIP = NO;
				DEBUG_INFORMATION_FORMAT = dwarf;
				ENABLE_STRICT_OBJC_MSGSEND = YES;
				ENABLE_TESTABILITY = YES;
				GCC_C_LANGUAGE_STANDARD = gnu11;
				GCC_DYNAMIC_NO_PIC = YES;
				GCC_NO_COMMON_BLOCKS = YES;
				GCC_OPTIMIZATION_LEVEL = 0;
				GCC_PREPROCESSOR_DEFINITIONS = (
					"DEBUG=1",
					"$(inherited)",
				);
				GCC_WARN_64_TO_32_BIT_CONVERSION = YES;
				GCC_WARN_ABOUT_RETURN_TYPE = YES_ERROR;
				GCC_WARN_UNDECLARED_SELECTOR = YES;
				GCC_WARN_UNINITIALIZED_AUTOS = YES_AGGRESSIVE;
				GCC_WARN_UNUSED_FUNCTION = YES;
				GCC_WARN_UNUSED_VARIABLE = YES;
				IPHONEOS_DEPLOYMENT_TARGET = 11.4;
				MTL_ENABLE_DEBUG_INFO = YES;
				ONLY_ACTIVE_ARCH = YES;
				SDKROOT = iphoneos;
			};
			name = Debug;
		};
		9D9D1543212EB3940081445E /* Release */ = {
			isa = XCBuildConfiguration;
			buildSettings = {
				ALWAYS_SEARCH_USER_PATHS = NO;
				CLANG_ANALYZER_NONNULL = YES;
				CLANG_ANALYZER_NUMBER_OBJECT_CONVERSION = YES_AGGRESSIVE;
				CLANG_CXX_LANGUAGE_STANDARD = "gnu++14";
				CLANG_CXX_LIBRARY = "libc++";
				CLANG_ENABLE_MODULES = YES;
				CLANG_ENABLE_OBJC_ARC = YES;
				CLANG_ENABLE_OBJC_WEAK = YES;
				CLANG_WARN_BLOCK_CAPTURE_AUTORELEASING = YES;
				CLANG_WARN_BOOL_CONVERSION = YES;
				CLANG_WARN_COMMA = YES;
				CLANG_WARN_CONSTANT_CONVERSION = YES;
				CLANG_WARN_DEPRECATED_OBJC_IMPLEMENTATIONS = YES;
				CLANG_WARN_DIRECT_OBJC_ISA_USAGE = YES_ERROR;
				CLANG_WARN_DOCUMENTATION_COMMENTS = YES;
				CLANG_WARN_EMPTY_BODY = YES;
				CLANG_WARN_ENUM_CONVERSION = YES;
				CLANG_WARN_INFINITE_RECURSION = YES;
				CLANG_WARN_INT_CONVERSION = YES;
				CLANG_WARN_NON_LITERAL_NULL_CONVERSION = YES;
				CLANG_WARN_OBJC_IMPLICIT_RETAIN_SELF = YES;
				CLANG_WARN_OBJC_LITERAL_CONVERSION = YES;
				CLANG_WARN_OBJC_ROOT_CLASS = YES_ERROR;
				CLANG_WARN_QUOTED_INCLUDE_IN_FRAMEWORK_HEADER = YES;
				CLANG_WARN_RANGE_LOOP_ANALYSIS = YES;
				CLANG_WARN_STRICT_PROTOTYPES = YES;
				CLANG_WARN_SUSPICIOUS_MOVE = YES;
				CLANG_WARN_UNGUARDED_AVAILABILITY = YES_AGGRESSIVE;
				CLANG_WARN_UNREACHABLE_CODE = YES;
				CLANG_WARN__DUPLICATE_METHOD_MATCH = YES;
				CODE_SIGN_IDENTITY = "iPhone Developer";
				COPY_PHASE_STRIP = NO;
				DEBUG_INFORMATION_FORMAT = "dwarf-with-dsym";
				ENABLE_NS_ASSERTIONS = NO;
				ENABLE_STRICT_OBJC_MSGSEND = YES;
				GCC_C_LANGUAGE_STANDARD = gnu11;
				GCC_DYNAMIC_NO_PIC = YES;
				GCC_NO_COMMON_BLOCKS = YES;
				GCC_WARN_64_TO_32_BIT_CONVERSION = YES;
				GCC_WARN_ABOUT_RETURN_TYPE = YES_ERROR;
				GCC_WARN_UNDECLARED_SELECTOR = YES;
				GCC_WARN_UNINITIALIZED_AUTOS = YES_AGGRESSIVE;
				GCC_WARN_UNUSED_FUNCTION = YES;
				GCC_WARN_UNUSED_VARIABLE = YES;
				IPHONEOS_DEPLOYMENT_TARGET = 11.4;
				MTL_ENABLE_DEBUG_INFO = NO;
				SDKROOT = iphoneos;
				VALIDATE_PRODUCT = YES;
			};
			name = Release;
		};
		9D9D1545212EB3940081445E /* Debug */ = {
			isa = XCBuildConfiguration;
			buildSettings = {
				ASSETCATALOG_COMPILER_APPICON_NAME = AppIcon;
				CODE_SIGN_STYLE = Automatic;
				DEVELOPMENT_TEAM = QGUGW9AUMK;
				INFOPLIST_FILE = "AdjustExample-FbPixel/Info.plist";
				IPHONEOS_DEPLOYMENT_TARGET = 9.0;
				LD_RUNPATH_SEARCH_PATHS = (
					"$(inherited)",
					"@executable_path/Frameworks",
				);
				PRODUCT_BUNDLE_IDENTIFIER = com.adjust.examples;
				PRODUCT_NAME = "$(TARGET_NAME)";
				TARGETED_DEVICE_FAMILY = "1,2";
			};
			name = Debug;
		};
		9D9D1546212EB3940081445E /* Release */ = {
			isa = XCBuildConfiguration;
			buildSettings = {
				ASSETCATALOG_COMPILER_APPICON_NAME = AppIcon;
				CODE_SIGN_STYLE = Automatic;
				DEVELOPMENT_TEAM = QGUGW9AUMK;
				INFOPLIST_FILE = "AdjustExample-FbPixel/Info.plist";
				IPHONEOS_DEPLOYMENT_TARGET = 9.0;
				LD_RUNPATH_SEARCH_PATHS = (
					"$(inherited)",
					"@executable_path/Frameworks",
				);
				PRODUCT_BUNDLE_IDENTIFIER = com.adjust.examples;
				PRODUCT_NAME = "$(TARGET_NAME)";
				TARGETED_DEVICE_FAMILY = "1,2";
			};
			name = Release;
		};
/* End XCBuildConfiguration section */

/* Begin XCConfigurationList section */
		9D9D1529212EB3920081445E /* Build configuration list for PBXProject "AdjustExample-FbPixel" */ = {
			isa = XCConfigurationList;
			buildConfigurations = (
				9D9D1542212EB3940081445E /* Debug */,
				9D9D1543212EB3940081445E /* Release */,
			);
			defaultConfigurationIsVisible = 0;
			defaultConfigurationName = Release;
		};
		9D9D1544212EB3940081445E /* Build configuration list for PBXNativeTarget "AdjustExample-FbPixel" */ = {
			isa = XCConfigurationList;
			buildConfigurations = (
				9D9D1545212EB3940081445E /* Debug */,
				9D9D1546212EB3940081445E /* Release */,
			);
			defaultConfigurationIsVisible = 0;
			defaultConfigurationName = Release;
		};
/* End XCConfigurationList section */
	};
	rootObject = 9D9D1526212EB3920081445E /* Project object */;
}
