PODS:
  - Adjust (4.35.0):
    - Adjust/Core (= 4.35.0)
  - Adjust/Core (4.35.0)

DEPENDENCIES:
  - Adjust (from `../../`)

EXTERNAL SOURCES:
  Adjust:
    :path: "../../"

SPEC CHECKSUMS:
  Adjust: e633c0cb917deeb2b00ac45bf9a4f34e6ece9477

PODFILE CHECKSUM: 4c79da456db9adb90cdd42adc7f721c7bb6490cd

COCOAPODS: 1.12.1
