PODS:
  - Adjust (4.37.2):
    - Adjust/Core (= 4.37.2)
  - Adjust/Core (4.37.2)

DEPENDENCIES:
  - Adjust (from `../../`)

EXTERNAL SOURCES:
  Adjust:
    :path: "../../"

SPEC CHECKSUMS:
  Adjust: 283d9a71535e48b72e494c1ce63cc5719a446cbc

PODFILE CHECKSUM: 4c79da456db9adb90cdd42adc7f721c7bb6490cd

COCOAPODS: 1.14.3
